// !$*UTF8*$!
{
	archiveVersion = 1;
	classes = {
	};
	objectVersion = 46;
	objects = {

/* Begin PBXBuildFile section */
		02E13873A1650D2E3C7F4E9C /* AppIntents.framework in Frameworks */ = {isa = PBXBuildFile; fileRef = D99AE11C6C66FFB5F37791AD /* AppIntents.framework */; };
		049C6E78A887ABF512FFFC4B /* CoachService.swift in Sources */ = {isa = PBXBuildFile; fileRef = E4E565C4D7769623A5306FD6 /* CoachService.swift */; };
		19ADB4F593E206C27F120B41 /* KeychainStore.swift in Sources */ = {isa = PBXBuildFile; fileRef = 72D786AD654610D955F599B2 /* KeychainStore.swift */; };
		1AE8BD7B2E7FAA8E382A6990 /* ManualMealSheet.swift in Sources */ = {isa = PBXBuildFile; fileRef = 568BB8931DAAE114AE8CD11A /* ManualMealSheet.swift */; };
		29F6B4DE3254FB3E01107694 /* AppIntents.framework in Frameworks */ = {isa = PBXBuildFile; fileRef = D99AE11C6C66FFB5F37791AD /* AppIntents.framework */; };
		2A1A9D664441BAE87EB65374 /* SettingsView.swift in Sources */ = {isa = PBXBuildFile; fileRef = A962F00B8E696FF1B9EC94E0 /* SettingsView.swift */; };
		2C2E296F7FF6EC5E58E5BF7B /* AppIntents.framework in Frameworks */ = {isa = PBXBuildFile; fileRef = D99AE11C6C66FFB5F37791AD /* AppIntents.framework */; };
		2E69C6B498462BB2CAA39EB8 /* Foundation.framework in Frameworks */ = {isa = PBXBuildFile; fileRef = 9B3E455729CD88590E74D06E /* Foundation.framework */; };
		3334B2416D7A02C275FBC3DE /* OnboardingView.swift in Sources */ = {isa = PBXBuildFile; fileRef = 82647F0D3EE610D56B78AA2C /* OnboardingView.swift */; };
		44A801079D96536149E81B4F /* BarcodeLookupSheet.swift in Sources */ = {isa = PBXBuildFile; fileRef = FA35F05D69AC86229AC5681C /* BarcodeLookupSheet.swift */; };
		49FAD6FF366BFFD29EA19A23 /* ProgressDashboardView.swift in Sources */ = {isa = PBXBuildFile; fileRef = 351371C01B0274E385094ED0 /* ProgressDashboardView.swift */; };
		4A73C43E71D1D167B0343702 /* CoachView.swift in Sources */ = {isa = PBXBuildFile; fileRef = D141295DE72D64FC9BB725D6 /* CoachView.swift */; };
		50683CF720F8BF8ED4FBCBD6 /* DashboardView.swift in Sources */ = {isa = PBXBuildFile; fileRef = 68BAC404353C90DEDD401E3B /* DashboardView.swift */; };
		53F294513E5089050F1A8978 /* Theme.swift in Sources */ = {isa = PBXBuildFile; fileRef = A01E2D298BFE11121CD017A6 /* Theme.swift */; };
		5FFBAAD0713796503234BDFE /* HealthKitService.swift in Sources */ = {isa = PBXBuildFile; fileRef = 69941718BFF1B9CF48F9828C /* HealthKitService.swift */; };
		695972E69466ABE271C38528 /* Foundation.framework in Frameworks */ = {isa = PBXBuildFile; fileRef = 9B3E455729CD88590E74D06E /* Foundation.framework */; };
		6CCE4AC51250B4D03B445DC1 /* BackupService.swift in Sources */ = {isa = PBXBuildFile; fileRef = 954475A2AAC899D2F2AF6778 /* BackupService.swift */; };
		739F0EC51AE4CBCFC76E6DB3 /* FoodLibrary.swift in Sources */ = {isa = PBXBuildFile; fileRef = A53EF7A48C720AA48BA11D41 /* FoodLibrary.swift */; };
		8AEBC782DEBD1BA376A1C350 /* BarcodeScannerView.swift in Sources */ = {isa = PBXBuildFile; fileRef = BB44EE296D2F27E98E11E132 /* BarcodeScannerView.swift */; };
		93EF52A97086A99279772F2A /* Models.swift in Sources */ = {isa = PBXBuildFile; fileRef = 0750E40F109FBA0A3451A0BA /* Models.swift */; };
		A3AE67AEFE47804FCC08BE65 /* CaltrackApp.swift in Sources */ = {isa = PBXBuildFile; fileRef = 459F20A77C26F22475FF9F46 /* CaltrackApp.swift */; };
		A8B9F60344D1A7C924C05F65 /* HealthNutritionService.swift in Sources */ = {isa = PBXBuildFile; fileRef = 612C7D799B16E09B5BF1CDB8 /* HealthNutritionService.swift */; };
		B35F26577A07A10FAFDFE58B /* OpenFoodFactsService.swift in Sources */ = {isa = PBXBuildFile; fileRef = 2527D295AB09AFE5AE5886C8 /* OpenFoodFactsService.swift */; };
		B4279683F57B9988706C0BB0 /* Foundation.framework in Frameworks */ = {isa = PBXBuildFile; fileRef = 9B3E455729CD88590E74D06E /* Foundation.framework */; };
		BB9ED24B77DDD2FA8F7C493E /* GrokServiceTests.swift in Sources */ = {isa = PBXBuildFile; fileRef = 6EE67EDD6206B79171F6DAA0 /* GrokServiceTests.swift */; };
		C20F5937D0AE30C470D0C5FC /* HevyService.swift in Sources */ = {isa = PBXBuildFile; fileRef = 4FE5D794638CC8A05C420AF6 /* HevyService.swift */; };
		C371021924EA2F34D23263EE /* Assets.xcassets in Resources */ = {isa = PBXBuildFile; fileRef = 359EAF52341A859F87588EE8 /* Assets.xcassets */; };
		C9728DBCAE6F4F47DC66A66A /* MealAnalysisSheet.swift in Sources */ = {isa = PBXBuildFile; fileRef = F1D5437EE9BC8A67C9DB4D3C /* MealAnalysisSheet.swift */; };
		CF55F4EF101E38217544B668 /* ReminderService.swift in Sources */ = {isa = PBXBuildFile; fileRef = B3EC0CC303A5FA5423038054 /* ReminderService.swift */; };
		D0E6F296249E77AB57CFDFFF /* CameraPicker.swift in Sources */ = {isa = PBXBuildFile; fileRef = CAEE985F9D3692A3FD0AEB9B /* CameraPicker.swift */; };
		D5BF63DCCB80C2A3EE887C17 /* Insights.swift in Sources */ = {isa = PBXBuildFile; fileRef = 808F633466E9CAAD30166FBA /* Insights.swift */; };
		F779AA2C33F08F1DE1BC5BF2 /* GrokService.swift in Sources */ = {isa = PBXBuildFile; fileRef = 896F0542995A834066E7443E /* GrokService.swift */; };
		FDD25E3663CBF62C13EE802C /* CaltrackUITests.swift in Sources */ = {isa = PBXBuildFile; fileRef = E88211BD64A7DFECD67E603D /* CaltrackUITests.swift */; };
		FEDE96EF23E9D6BC524A3D1C /* RootView.swift in Sources */ = {isa = PBXBuildFile; fileRef = E0BE6425B395C857F2FD024D /* RootView.swift */; };
/* End PBXBuildFile section */

/* Begin PBXContainerItemProxy section */
		5BF1CAF58573E8AF2A4007E0 /* PBXContainerItemProxy */ = {
			isa = PBXContainerItemProxy;
			containerPortal = BCCFD46384CA4A2BD56077A6 /* Project object */;
			proxyType = 1;
			remoteGlobalIDString = 64714DEC45FF0DE7D6ABD193;
			remoteInfo = Caltrack;
		};
		64842C6A54F61899FB439346 /* PBXContainerItemProxy */ = {
			isa = PBXContainerItemProxy;
			containerPortal = BCCFD46384CA4A2BD56077A6 /* Project object */;
			proxyType = 1;
			remoteGlobalIDString = 64714DEC45FF0DE7D6ABD193;
			remoteInfo = Caltrack;
		};
/* End PBXContainerItemProxy section */

/* Begin PBXFileReference section */
		0750E40F109FBA0A3451A0BA /* Models.swift */ = {isa = PBXFileReference; includeInIndex = 1; lastKnownFileType = sourcecode.swift; path = Models.swift; sourceTree = "<group>"; };
		10B2ED5541EE0C8EEF66F05C /* CaltrackTests.xctest */ = {isa = PBXFileReference; explicitFileType = wrapper.cfbundle; includeInIndex = 0; path = CaltrackTests.xctest; sourceTree = BUILT_PRODUCTS_DIR; };
		2527D295AB09AFE5AE5886C8 /* OpenFoodFactsService.swift */ = {isa = PBXFileReference; includeInIndex = 1; lastKnownFileType = sourcecode.swift; path = OpenFoodFactsService.swift; sourceTree = "<group>"; };
		351371C01B0274E385094ED0 /* ProgressDashboardView.swift */ = {isa = PBXFileReference; includeInIndex = 1; lastKnownFileType = sourcecode.swift; path = ProgressDashboardView.swift; sourceTree = "<group>"; };
		359EAF52341A859F87588EE8 /* Assets.xcassets */ = {isa = PBXFileReference; includeInIndex = 1; lastKnownFileType = folder.assetcatalog; path = Assets.xcassets; sourceTree = "<group>"; };
		419274C7927C9BDBFE99A1E6 /* Caltrack.app */ = {isa = PBXFileReference; explicitFileType = wrapper.application; includeInIndex = 0; path = Caltrack.app; sourceTree = BUILT_PRODUCTS_DIR; };
		459F20A77C26F22475FF9F46 /* CaltrackApp.swift */ = {isa = PBXFileReference; includeInIndex = 1; lastKnownFileType = sourcecode.swift; path = CaltrackApp.swift; sourceTree = "<group>"; };
		4FE5D794638CC8A05C420AF6 /* HevyService.swift */ = {isa = PBXFileReference; includeInIndex = 1; lastKnownFileType = sourcecode.swift; path = HevyService.swift; sourceTree = "<group>"; };
		568BB8931DAAE114AE8CD11A /* ManualMealSheet.swift */ = {isa = PBXFileReference; includeInIndex = 1; lastKnownFileType = sourcecode.swift; path = ManualMealSheet.swift; sourceTree = "<group>"; };
		612C7D799B16E09B5BF1CDB8 /* HealthNutritionService.swift */ = {isa = PBXFileReference; includeInIndex = 1; lastKnownFileType = sourcecode.swift; path = HealthNutritionService.swift; sourceTree = "<group>"; };
		68BAC404353C90DEDD401E3B /* DashboardView.swift */ = {isa = PBXFileReference; includeInIndex = 1; lastKnownFileType = sourcecode.swift; path = DashboardView.swift; sourceTree = "<group>"; };
		69941718BFF1B9CF48F9828C /* HealthKitService.swift */ = {isa = PBXFileReference; includeInIndex = 1; lastKnownFileType = sourcecode.swift; path = HealthKitService.swift; sourceTree = "<group>"; };
		6EE67EDD6206B79171F6DAA0 /* GrokServiceTests.swift */ = {isa = PBXFileReference; includeInIndex = 1; lastKnownFileType = sourcecode.swift; path = GrokServiceTests.swift; sourceTree = "<group>"; };
		72D786AD654610D955F599B2 /* KeychainStore.swift */ = {isa = PBXFileReference; includeInIndex = 1; lastKnownFileType = sourcecode.swift; path = KeychainStore.swift; sourceTree = "<group>"; };
		808F633466E9CAAD30166FBA /* Insights.swift */ = {isa = PBXFileReference; includeInIndex = 1; lastKnownFileType = sourcecode.swift; path = Insights.swift; sourceTree = "<group>"; };
		82647F0D3EE610D56B78AA2C /* OnboardingView.swift */ = {isa = PBXFileReference; includeInIndex = 1; lastKnownFileType = sourcecode.swift; path = OnboardingView.swift; sourceTree = "<group>"; };
		896F0542995A834066E7443E /* GrokService.swift */ = {isa = PBXFileReference; includeInIndex = 1; lastKnownFileType = sourcecode.swift; path = GrokService.swift; sourceTree = "<group>"; };
		91E9C91DE286C36996D3D285 /* Caltrack.entitlements */ = {isa = PBXFileReference; includeInIndex = 1; lastKnownFileType = text.plist.entitlements; path = Caltrack.entitlements; sourceTree = "<group>"; };
		954475A2AAC899D2F2AF6778 /* BackupService.swift */ = {isa = PBXFileReference; includeInIndex = 1; lastKnownFileType = sourcecode.swift; path = BackupService.swift; sourceTree = "<group>"; };
		9B3E455729CD88590E74D06E /* Foundation.framework */ = {isa = PBXFileReference; lastKnownFileType = wrapper.framework; name = Foundation.framework; path = Platforms/iPhoneOS.platform/Developer/SDKs/iPhoneOS18.0.sdk/System/Library/Frameworks/Foundation.framework; sourceTree = DEVELOPER_DIR; };
		A01E2D298BFE11121CD017A6 /* Theme.swift */ = {isa = PBXFileReference; includeInIndex = 1; lastKnownFileType = sourcecode.swift; path = Theme.swift; sourceTree = "<group>"; };
		A53EF7A48C720AA48BA11D41 /* FoodLibrary.swift */ = {isa = PBXFileReference; includeInIndex = 1; lastKnownFileType = sourcecode.swift; path = FoodLibrary.swift; sourceTree = "<group>"; };
		A962F00B8E696FF1B9EC94E0 /* SettingsView.swift */ = {isa = PBXFileReference; includeInIndex = 1; lastKnownFileType = sourcecode.swift; path = SettingsView.swift; sourceTree = "<group>"; };
		B324E3A90ED7187E991C497C /* CaltrackUITests.xctest */ = {isa = PBXFileReference; explicitFileType = wrapper.cfbundle; includeInIndex = 0; path = CaltrackUITests.xctest; sourceTree = BUILT_PRODUCTS_DIR; };
		B3EC0CC303A5FA5423038054 /* ReminderService.swift */ = {isa = PBXFileReference; includeInIndex = 1; lastKnownFileType = sourcecode.swift; path = ReminderService.swift; sourceTree = "<group>"; };
		BB44EE296D2F27E98E11E132 /* BarcodeScannerView.swift */ = {isa = PBXFileReference; includeInIndex = 1; lastKnownFileType = sourcecode.swift; path = BarcodeScannerView.swift; sourceTree = "<group>"; };
		CAEE985F9D3692A3FD0AEB9B /* CameraPicker.swift */ = {isa = PBXFileReference; includeInIndex = 1; lastKnownFileType = sourcecode.swift; path = CameraPicker.swift; sourceTree = "<group>"; };
		D141295DE72D64FC9BB725D6 /* CoachView.swift */ = {isa = PBXFileReference; includeInIndex = 1; lastKnownFileType = sourcecode.swift; path = CoachView.swift; sourceTree = "<group>"; };
		D99AE11C6C66FFB5F37791AD /* AppIntents.framework */ = {isa = PBXFileReference; lastKnownFileType = wrapper.framework; name = AppIntents.framework; path = System/Library/Frameworks/AppIntents.framework; sourceTree = SDKROOT; };
		E0BE6425B395C857F2FD024D /* RootView.swift */ = {isa = PBXFileReference; includeInIndex = 1; lastKnownFileType = sourcecode.swift; path = RootView.swift; sourceTree = "<group>"; };
		E4E565C4D7769623A5306FD6 /* CoachService.swift */ = {isa = PBXFileReference; includeInIndex = 1; lastKnownFileType = sourcecode.swift; path = CoachService.swift; sourceTree = "<group>"; };
		E88211BD64A7DFECD67E603D /* CaltrackUITests.swift */ = {isa = PBXFileReference; includeInIndex = 1; lastKnownFileType = sourcecode.swift; path = CaltrackUITests.swift; sourceTree = "<group>"; };
		F1D5437EE9BC8A67C9DB4D3C /* MealAnalysisSheet.swift */ = {isa = PBXFileReference; includeInIndex = 1; lastKnownFileType = sourcecode.swift; path = MealAnalysisSheet.swift; sourceTree = "<group>"; };
		FA35F05D69AC86229AC5681C /* BarcodeLookupSheet.swift */ = {isa = PBXFileReference; includeInIndex = 1; lastKnownFileType = sourcecode.swift; path = BarcodeLookupSheet.swift; sourceTree = "<group>"; };
/* End PBXFileReference section */

/* Begin PBXFrameworksBuildPhase section */
		04AEED0B358AA1E3A00BDF39 /* Frameworks */ = {
			isa = PBXFrameworksBuildPhase;
			buildActionMask = 2147483647;
			files = (
				B4279683F57B9988706C0BB0 /* Foundation.framework in Frameworks */,
				02E13873A1650D2E3C7F4E9C /* AppIntents.framework in Frameworks */,
			);
			runOnlyForDeploymentPostprocessing = 0;
		};
		27E79D0C28153AA96B3D4E9D /* Frameworks */ = {
			isa = PBXFrameworksBuildPhase;
			buildActionMask = 2147483647;
			files = (
				695972E69466ABE271C38528 /* Foundation.framework in Frameworks */,
				29F6B4DE3254FB3E01107694 /* AppIntents.framework in Frameworks */,
			);
			runOnlyForDeploymentPostprocessing = 0;
		};
		71C8145F27BA3BCED70DD4F7 /* Frameworks */ = {
			isa = PBXFrameworksBuildPhase;
			buildActionMask = 2147483647;
			files = (
				2E69C6B498462BB2CAA39EB8 /* Foundation.framework in Frameworks */,
				2C2E296F7FF6EC5E58E5BF7B /* AppIntents.framework in Frameworks */,
			);
			runOnlyForDeploymentPostprocessing = 0;
		};
/* End PBXFrameworksBuildPhase section */

/* Begin PBXGroup section */
		25A29D6FFD4E0485FAE0E06D /* Caltrack */ = {
			isa = PBXGroup;
			children = (
				954475A2AAC899D2F2AF6778 /* BackupService.swift */,
				FA35F05D69AC86229AC5681C /* BarcodeLookupSheet.swift */,
				BB44EE296D2F27E98E11E132 /* BarcodeScannerView.swift */,
				459F20A77C26F22475FF9F46 /* CaltrackApp.swift */,
				CAEE985F9D3692A3FD0AEB9B /* CameraPicker.swift */,
				E4E565C4D7769623A5306FD6 /* CoachService.swift */,
				D141295DE72D64FC9BB725D6 /* CoachView.swift */,
				68BAC404353C90DEDD401E3B /* DashboardView.swift */,
				A53EF7A48C720AA48BA11D41 /* FoodLibrary.swift */,
				896F0542995A834066E7443E /* GrokService.swift */,
				69941718BFF1B9CF48F9828C /* HealthKitService.swift */,
				612C7D799B16E09B5BF1CDB8 /* HealthNutritionService.swift */,
				4FE5D794638CC8A05C420AF6 /* HevyService.swift */,
				808F633466E9CAAD30166FBA /* Insights.swift */,
				72D786AD654610D955F599B2 /* KeychainStore.swift */,
				568BB8931DAAE114AE8CD11A /* ManualMealSheet.swift */,
				F1D5437EE9BC8A67C9DB4D3C /* MealAnalysisSheet.swift */,
				0750E40F109FBA0A3451A0BA /* Models.swift */,
				82647F0D3EE610D56B78AA2C /* OnboardingView.swift */,
				2527D295AB09AFE5AE5886C8 /* OpenFoodFactsService.swift */,
				351371C01B0274E385094ED0 /* ProgressDashboardView.swift */,
				B3EC0CC303A5FA5423038054 /* ReminderService.swift */,
				E0BE6425B395C857F2FD024D /* RootView.swift */,
				A962F00B8E696FF1B9EC94E0 /* SettingsView.swift */,
				A01E2D298BFE11121CD017A6 /* Theme.swift */,
				359EAF52341A859F87588EE8 /* Assets.xcassets */,
				91E9C91DE286C36996D3D285 /* Caltrack.entitlements */,
			);
			name = Caltrack;
			path = Caltrack;
			sourceTree = "<group>";
		};
		3B5A467A5C35D3B682D7FDF9 /* Products */ = {
			isa = PBXGroup;
			children = (
				419274C7927C9BDBFE99A1E6 /* Caltrack.app */,
				10B2ED5541EE0C8EEF66F05C /* CaltrackTests.xctest */,
				B324E3A90ED7187E991C497C /* CaltrackUITests.xctest */,
			);
			name = Products;
			sourceTree = "<group>";
		};
		595934827BE93348C1275EAC /* CaltrackUITests */ = {
			isa = PBXGroup;
			children = (
				E88211BD64A7DFECD67E603D /* CaltrackUITests.swift */,
			);
			name = CaltrackUITests;
			path = CaltrackUITests;
			sourceTree = "<group>";
		};
		6CC402903DEDEBC5DED87FF8 /* iOS */ = {
			isa = PBXGroup;
			children = (
				9B3E455729CD88590E74D06E /* Foundation.framework */,
			);
			name = iOS;
			sourceTree = "<group>";
		};
		B890C2BB07942CF1CD7CC93A /* Frameworks */ = {
			isa = PBXGroup;
			children = (
				6CC402903DEDEBC5DED87FF8 /* iOS */,
				D99AE11C6C66FFB5F37791AD /* AppIntents.framework */,
			);
			name = Frameworks;
			sourceTree = "<group>";
		};
		C3D1CC9752026E721ADAE0A1 /* CaltrackTests */ = {
			isa = PBXGroup;
			children = (
				6EE67EDD6206B79171F6DAA0 /* GrokServiceTests.swift */,
			);
			name = CaltrackTests;
			path = CaltrackTests;
			sourceTree = "<group>";
		};
		F3AFCB498FC98C7D91561C51 = {
			isa = PBXGroup;
			children = (
				3B5A467A5C35D3B682D7FDF9 /* Products */,
				B890C2BB07942CF1CD7CC93A /* Frameworks */,
				25A29D6FFD4E0485FAE0E06D /* Caltrack */,
				C3D1CC9752026E721ADAE0A1 /* CaltrackTests */,
				595934827BE93348C1275EAC /* CaltrackUITests */,
			);
			sourceTree = "<group>";
		};
/* End PBXGroup section */

/* Begin PBXNativeTarget section */
		64714DEC45FF0DE7D6ABD193 /* Caltrack */ = {
			isa = PBXNativeTarget;
			buildConfigurationList = 2F6721981C4489D052F4A9BE /* Build configuration list for PBXNativeTarget "Caltrack" */;
			buildPhases = (
				7D49BCF81D7B20A468798ECF /* Sources */,
				27E79D0C28153AA96B3D4E9D /* Frameworks */,
				4AF8CE41B1A736FF88578371 /* Resources */,
			);
			buildRules = (
			);
			dependencies = (
			);
			name = Caltrack;
			productName = Caltrack;
			productReference = 419274C7927C9BDBFE99A1E6 /* Caltrack.app */;
			productType = "com.apple.product-type.application";
		};
		A6D38D54A69D994D1B220171 /* CaltrackUITests */ = {
			isa = PBXNativeTarget;
			buildConfigurationList = 28B19EF0B662694AB0AC59B0 /* Build configuration list for PBXNativeTarget "CaltrackUITests" */;
			buildPhases = (
				B9FE7EDA4932DE5E85F98A90 /* Sources */,
				04AEED0B358AA1E3A00BDF39 /* Frameworks */,
				9A762E99D729938318B6DB32 /* Resources */,
			);
			buildRules = (
			);
			dependencies = (
				4A31F3D5876B144DE07A09A3 /* PBXTargetDependency */,
			);
			name = CaltrackUITests;
			productName = CaltrackUITests;
			productReference = B324E3A90ED7187E991C497C /* CaltrackUITests.xctest */;
			productType = "com.apple.product-type.bundle.ui-testing";
		};
		DFBB7BFC53F6F12AC74D592B /* CaltrackTests */ = {
			isa = PBXNativeTarget;
			buildConfigurationList = FA1740CB1AF9A959DBEFBB83 /* Build configuration list for PBXNativeTarget "CaltrackTests" */;
			buildPhases = (
				C473B9FADC485F6973761316 /* Sources */,
				71C8145F27BA3BCED70DD4F7 /* Frameworks */,
				8F1235D4F13CD6A3F7C8242A /* Resources */,
			);
			buildRules = (
			);
			dependencies = (
				35CE1CD583D508B1325CCEEE /* PBXTargetDependency */,
			);
			name = CaltrackTests;
			productName = CaltrackTests;
			productReference = 10B2ED5541EE0C8EEF66F05C /* CaltrackTests.xctest */;
			productType = "com.apple.product-type.bundle.unit-test";
		};
/* End PBXNativeTarget section */

/* Begin PBXProject section */
		BCCFD46384CA4A2BD56077A6 /* Project object */ = {
			isa = PBXProject;
			attributes = {
				LastSwiftUpdateCheck = 2600;
				LastUpgradeCheck = 2600;
				TargetAttributes = {
					64714DEC45FF0DE7D6ABD193 = {
						CreatedOnToolsVersion = 26.0;
						DevelopmentTeam = 6BG94RDHDG;
						SystemCapabilities = {
							com.apple.HealthKit = {
								enabled = 1;
							};
						};
					};
					A6D38D54A69D994D1B220171 = {
						CreatedOnToolsVersion = 26.0;
						DevelopmentTeam = 6BG94RDHDG;
					};
					DFBB7BFC53F6F12AC74D592B = {
						CreatedOnToolsVersion = 26.0;
						DevelopmentTeam = 6BG94RDHDG;
					};
				};
			};
			buildConfigurationList = 76FF58593069D11607B9B3D7 /* Build configuration list for PBXProject "Caltrack" */;
			compatibilityVersion = "Xcode 3.2";
			developmentRegion = en;
			hasScannedForEncodings = 0;
			knownRegions = (
				en,
				Base,
			);
			mainGroup = F3AFCB498FC98C7D91561C51;
			minimizedProjectReferenceProxies = 0;
			preferredProjectObjectVersion = 77;
			productRefGroup = 3B5A467A5C35D3B682D7FDF9 /* Products */;
			projectDirPath = "";
			projectRoot = "";
			targets = (
				64714DEC45FF0DE7D6ABD193 /* Caltrack */,
				DFBB7BFC53F6F12AC74D592B /* CaltrackTests */,
				A6D38D54A69D994D1B220171 /* CaltrackUITests */,
			);
		};
/* End PBXProject section */

/* Begin PBXResourcesBuildPhase section */
		4AF8CE41B1A736FF88578371 /* Resources */ = {
			isa = PBXResourcesBuildPhase;
			buildActionMask = 2147483647;
			files = (
				C371021924EA2F34D23263EE /* Assets.xcassets in Resources */,
			);
			runOnlyForDeploymentPostprocessing = 0;
		};
		8F1235D4F13CD6A3F7C8242A /* Resources */ = {
			isa = PBXResourcesBuildPhase;
			buildActionMask = 2147483647;
			files = (
			);
			runOnlyForDeploymentPostprocessing = 0;
		};
		9A762E99D729938318B6DB32 /* Resources */ = {
			isa = PBXResourcesBuildPhase;
			buildActionMask = 2147483647;
			files = (
			);
			runOnlyForDeploymentPostprocessing = 0;
		};
/* End PBXResourcesBuildPhase section */

/* Begin PBXSourcesBuildPhase section */
		7D49BCF81D7B20A468798ECF /* Sources */ = {
			isa = PBXSourcesBuildPhase;
			buildActionMask = 2147483647;
			files = (
				6CCE4AC51250B4D03B445DC1 /* BackupService.swift in Sources */,
				44A801079D96536149E81B4F /* BarcodeLookupSheet.swift in Sources */,
				8AEBC782DEBD1BA376A1C350 /* BarcodeScannerView.swift in Sources */,
				A3AE67AEFE47804FCC08BE65 /* CaltrackApp.swift in Sources */,
				D0E6F296249E77AB57CFDFFF /* CameraPicker.swift in Sources */,
				049C6E78A887ABF512FFFC4B /* CoachService.swift in Sources */,
				4A73C43E71D1D167B0343702 /* CoachView.swift in Sources */,
				50683CF720F8BF8ED4FBCBD6 /* DashboardView.swift in Sources */,
				739F0EC51AE4CBCFC76E6DB3 /* FoodLibrary.swift in Sources */,
				F779AA2C33F08F1DE1BC5BF2 /* GrokService.swift in Sources */,
				5FFBAAD0713796503234BDFE /* HealthKitService.swift in Sources */,
				A8B9F60344D1A7C924C05F65 /* HealthNutritionService.swift in Sources */,
				C20F5937D0AE30C470D0C5FC /* HevyService.swift in Sources */,
				D5BF63DCCB80C2A3EE887C17 /* Insights.swift in Sources */,
				19ADB4F593E206C27F120B41 /* KeychainStore.swift in Sources */,
				1AE8BD7B2E7FAA8E382A6990 /* ManualMealSheet.swift in Sources */,
				C9728DBCAE6F4F47DC66A66A /* MealAnalysisSheet.swift in Sources */,
				93EF52A97086A99279772F2A /* Models.swift in Sources */,
				3334B2416D7A02C275FBC3DE /* OnboardingView.swift in Sources */,
				B35F26577A07A10FAFDFE58B /* OpenFoodFactsService.swift in Sources */,
				49FAD6FF366BFFD29EA19A23 /* ProgressDashboardView.swift in Sources */,
				CF55F4EF101E38217544B668 /* ReminderService.swift in Sources */,
				FEDE96EF23E9D6BC524A3D1C /* RootView.swift in Sources */,
				2A1A9D664441BAE87EB65374 /* SettingsView.swift in Sources */,
				53F294513E5089050F1A8978 /* Theme.swift in Sources */,
			);
			runOnlyForDeploymentPostprocessing = 0;
		};
		B9FE7EDA4932DE5E85F98A90 /* Sources */ = {
			isa = PBXSourcesBuildPhase;
			buildActionMask = 2147483647;
			files = (
				FDD25E3663CBF62C13EE802C /* CaltrackUITests.swift in Sources */,
			);
			runOnlyForDeploymentPostprocessing = 0;
		};
		C473B9FADC485F6973761316 /* Sources */ = {
			isa = PBXSourcesBuildPhase;
			buildActionMask = 2147483647;
			files = (
				BB9ED24B77DDD2FA8F7C493E /* GrokServiceTests.swift in Sources */,
			);
			runOnlyForDeploymentPostprocessing = 0;
		};
/* End PBXSourcesBuildPhase section */

/* Begin PBXTargetDependency section */
		35CE1CD583D508B1325CCEEE /* PBXTargetDependency */ = {
			isa = PBXTargetDependency;
			name = Caltrack;
			target = 64714DEC45FF0DE7D6ABD193 /* Caltrack */;
			targetProxy = 5BF1CAF58573E8AF2A4007E0 /* PBXContainerItemProxy */;
		};
		4A31F3D5876B144DE07A09A3 /* PBXTargetDependency */ = {
			isa = PBXTargetDependency;
			name = Caltrack;
			target = 64714DEC45FF0DE7D6ABD193 /* Caltrack */;
			targetProxy = 64842C6A54F61899FB439346 /* PBXContainerItemProxy */;
		};
/* End PBXTargetDependency section */

/* Begin XCBuildConfiguration section */
		03E071FA13E69FBCE3288875 /* Debug */ = {
			isa = XCBuildConfiguration;
			buildSettings = {
				ALWAYS_SEARCH_USER_PATHS = NO;
				CLANG_ANALYZER_NONNULL = YES;
				CLANG_ANALYZER_NUMBER_OBJECT_CONVERSION = YES_AGGRESSIVE;
				CLANG_CXX_LANGUAGE_STANDARD = "gnu++14";
				CLANG_CXX_LIBRARY = "libc++";
				CLANG_ENABLE_MODULES = YES;
				CLANG_ENABLE_OBJC_ARC = YES;
				CLANG_ENABLE_OBJC_WEAK = YES;
				CLANG_WARN_BLOCK_CAPTURE_AUTORELEASING = YES;
				CLANG_WARN_BOOL_CONVERSION = YES;
				CLANG_WARN_COMMA = YES;
				CLANG_WARN_CONSTANT_CONVERSION = YES;
				CLANG_WARN_DEPRECATED_OBJC_IMPLEMENTATIONS = YES;
				CLANG_WARN_DIRECT_OBJC_ISA_USAGE = YES_ERROR;
				CLANG_WARN_DOCUMENTATION_COMMENTS = YES;
				CLANG_WARN_EMPTY_BODY = YES;
				CLANG_WARN_ENUM_CONVERSION = YES;
				CLANG_WARN_INFINITE_RECURSION = YES;
				CLANG_WARN_INT_CONVERSION = YES;
				CLANG_WARN_NON_LITERAL_NULL_CONVERSION = YES;
				CLANG_WARN_OBJC_IMPLICIT_RETAIN_SELF = YES;
				CLANG_WARN_OBJC_LITERAL_CONVERSION = YES;
				CLANG_WARN_OBJC_ROOT_CLASS = YES_ERROR;
				CLANG_WARN_QUOTED_INCLUDE_IN_FRAMEWORK_HEADER = YES;
				CLANG_WARN_RANGE_LOOP_ANALYSIS = YES;
				CLANG_WARN_STRICT_PROTOTYPES = YES;
				CLANG_WARN_SUSPICIOUS_MOVE = YES;
				CLANG_WARN_UNGUARDED_AVAILABILITY = YES_AGGRESSIVE;
				CLANG_WARN_UNREACHABLE_CODE = YES;
				CLANG_WARN__DUPLICATE_METHOD_MATCH = YES;
				COPY_PHASE_STRIP = NO;
				DEBUG_INFORMATION_FORMAT = dwarf;
				ENABLE_STRICT_OBJC_MSGSEND = YES;
				ENABLE_TESTABILITY = YES;
				GCC_C_LANGUAGE_STANDARD = gnu11;
				GCC_DYNAMIC_NO_PIC = NO;
				GCC_NO_COMMON_BLOCKS = YES;
				GCC_OPTIMIZATION_LEVEL = 0;
				GCC_PREPROCESSOR_DEFINITIONS = (
					"DEBUG=1",
					"$(inherited)",
				);
				GCC_WARN_64_TO_32_BIT_CONVERSION = YES;
				GCC_WARN_ABOUT_RETURN_TYPE = YES_ERROR;
				GCC_WARN_UNDECLARED_SELECTOR = YES;
				GCC_WARN_UNINITIALIZED_AUTOS = YES_AGGRESSIVE;
				GCC_WARN_UNUSED_FUNCTION = YES;
				GCC_WARN_UNUSED_VARIABLE = YES;
				MTL_ENABLE_DEBUG_INFO = INCLUDE_SOURCE;
				MTL_FAST_MATH = YES;
				ONLY_ACTIVE_ARCH = YES;
				PRODUCT_NAME = "$(TARGET_NAME)";
				SWIFT_ACTIVE_COMPILATION_CONDITIONS = DEBUG;
				SWIFT_OPTIMIZATION_LEVEL = "-Onone";
				SWIFT_VERSION = 5.0;
			};
			name = Debug;
		};
		3C49B853D19BD66493965D4E /* Release */ = {
			isa = XCBuildConfiguration;
			buildSettings = {
				BUNDLE_LOADER = "$(TEST_HOST)";
				CLANG_ENABLE_OBJC_WEAK = NO;
				CODE_SIGN_STYLE = Automatic;
				DEVELOPMENT_TEAM = 6BG94RDHDG;
				GENERATE_INFOPLIST_FILE = YES;
				IPHONEOS_DEPLOYMENT_TARGET = 17.0;
				LM_FILTER_WARNINGS = YES;
				PRODUCT_BUNDLE_IDENTIFIER = com.manuelsampedro.caltrack.tests;
				SDKROOT = iphoneos;
				SWIFT_VERSION = 5.0;
				TARGETED_DEVICE_FAMILY = 1;
				TEST_HOST = "$(BUILT_PRODUCTS_DIR)/Caltrack.app/$(BUNDLE_EXECUTABLE_FOLDER_PATH)/Caltrack";
				VALIDATE_PRODUCT = YES;
			};
			name = Release;
		};
		5025020F6A4770BC940F8847 /* Release */ = {
			isa = XCBuildConfiguration;
			buildSettings = {
				ALWAYS_SEARCH_USER_PATHS = NO;
				CLANG_ANALYZER_NONNULL = YES;
				CLANG_ANALYZER_NUMBER_OBJECT_CONVERSION = YES_AGGRESSIVE;
				CLANG_CXX_LANGUAGE_STANDARD = "gnu++14";
				CLANG_CXX_LIBRARY = "libc++";
				CLANG_ENABLE_MODULES = YES;
				CLANG_ENABLE_OBJC_ARC = YES;
				CLANG_ENABLE_OBJC_WEAK = YES;
				CLANG_WARN_BLOCK_CAPTURE_AUTORELEASING = YES;
				CLANG_WARN_BOOL_CONVERSION = YES;
				CLANG_WARN_COMMA = YES;
				CLANG_WARN_CONSTANT_CONVERSION = YES;
				CLANG_WARN_DEPRECATED_OBJC_IMPLEMENTATIONS = YES;
				CLANG_WARN_DIRECT_OBJC_ISA_USAGE = YES_ERROR;
				CLANG_WARN_DOCUMENTATION_COMMENTS = YES;
				CLANG_WARN_EMPTY_BODY = YES;
				CLANG_WARN_ENUM_CONVERSION = YES;
				CLANG_WARN_INFINITE_RECURSION = YES;
				CLANG_WARN_INT_CONVERSION = YES;
				CLANG_WARN_NON_LITERAL_NULL_CONVERSION = YES;
				CLANG_WARN_OBJC_IMPLICIT_RETAIN_SELF = YES;
				CLANG_WARN_OBJC_LITERAL_CONVERSION = YES;
				CLANG_WARN_OBJC_ROOT_CLASS = YES_ERROR;
				CLANG_WARN_QUOTED_INCLUDE_IN_FRAMEWORK_HEADER = YES;
				CLANG_WARN_RANGE_LOOP_ANALYSIS = YES;
				CLANG_WARN_STRICT_PROTOTYPES = YES;
				CLANG_WARN_SUSPICIOUS_MOVE = YES;
				CLANG_WARN_UNGUARDED_AVAILABILITY = YES_AGGRESSIVE;
				CLANG_WARN_UNREACHABLE_CODE = YES;
				CLANG_WARN__DUPLICATE_METHOD_MATCH = YES;
				COPY_PHASE_STRIP = NO;
				DEBUG_INFORMATION_FORMAT = "dwarf-with-dsym";
				ENABLE_NS_ASSERTIONS = NO;
				ENABLE_STRICT_OBJC_MSGSEND = YES;
				GCC_C_LANGUAGE_STANDARD = gnu11;
				GCC_NO_COMMON_BLOCKS = YES;
				GCC_WARN_64_TO_32_BIT_CONVERSION = YES;
				GCC_WARN_ABOUT_RETURN_TYPE = YES_ERROR;
				GCC_WARN_UNDECLARED_SELECTOR = YES;
				GCC_WARN_UNINITIALIZED_AUTOS = YES_AGGRESSIVE;
				GCC_WARN_UNUSED_FUNCTION = YES;
				GCC_WARN_UNUSED_VARIABLE = YES;
				MTL_ENABLE_DEBUG_INFO = NO;
				MTL_FAST_MATH = YES;
				PRODUCT_NAME = "$(TARGET_NAME)";
				SWIFT_COMPILATION_MODE = wholemodule;
				SWIFT_OPTIMIZATION_LEVEL = "-O";
				SWIFT_VERSION = 5.0;
			};
			name = Release;
		};
		5A79636765221E1EA3A011C1 /* Release */ = {
			isa = XCBuildConfiguration;
			buildSettings = {
				CLANG_ENABLE_OBJC_WEAK = NO;
				CODE_SIGN_STYLE = Automatic;
				DEVELOPMENT_TEAM = 6BG94RDHDG;
				GENERATE_INFOPLIST_FILE = YES;
				IPHONEOS_DEPLOYMENT_TARGET = 17.0;
				LM_FILTER_WARNINGS = YES;
				PRODUCT_BUNDLE_IDENTIFIER = com.manuelsampedro.caltrack.uitests;
				SDKROOT = iphoneos;
				SWIFT_VERSION = 5.0;
				TARGETED_DEVICE_FAMILY = 1;
				TEST_TARGET_NAME = Caltrack;
				VALIDATE_PRODUCT = YES;
			};
			name = Release;
		};
		8B487673286D32ADF810943B /* Release */ = {
			isa = XCBuildConfiguration;
			buildSettings = {
				ASSETCATALOG_COMPILER_APPICON_NAME = AppIcon;
				ASSETCATALOG_COMPILER_GLOBAL_ACCENT_COLOR_NAME = AccentColor;
				CLANG_ENABLE_OBJC_WEAK = NO;
				CODE_SIGN_ENTITLEMENTS = Caltrack/Caltrack.entitlements;
				CODE_SIGN_STYLE = Automatic;
				CURRENT_PROJECT_VERSION = 4;
				DEVELOPMENT_TEAM = 6BG94RDHDG;
				GENERATE_INFOPLIST_FILE = YES;
				INFOPLIST_KEY_CFBundleDisplayName = Caltrack;
				INFOPLIST_KEY_NSCameraUsageDescription = "Caltrack usa la cámara para analizar una comida cuando decides fotografiarla.";
				INFOPLIST_KEY_NSHealthShareUsageDescription = "Caltrack lee el peso, la composición corporal, la actividad y los entrenamientos que autorices para reunir tu progreso en un solo lugar.";
				INFOPLIST_KEY_NSHealthUpdateUsageDescription = "Caltrack guarda en Salud las calorías y macros de las comidas que confirmes cuando activas esta opción.";
				INFOPLIST_KEY_UIApplicationSceneManifest_Generation = YES;
				INFOPLIST_KEY_UILaunchScreen_Generation = YES;
				INFOPLIST_KEY_UISupportedInterfaceOrientations_iPhone = UIInterfaceOrientationPortrait;
				IPHONEOS_DEPLOYMENT_TARGET = 17.0;
				LD_RUNPATH_SEARCH_PATHS = "$(inherited) @executable_path/Frameworks";
				LM_FILTER_WARNINGS = YES;
				MARKETING_VERSION = 1.3;
				PRODUCT_BUNDLE_IDENTIFIER = com.manuelsampedro.caltrack;
				PRODUCT_NAME = "$(TARGET_NAME)";
				SDKROOT = iphoneos;
				SWIFT_EMIT_LOC_STRINGS = YES;
				SWIFT_VERSION = 5.0;
				TARGETED_DEVICE_FAMILY = 1;
				VALIDATE_PRODUCT = YES;
			};
			name = Release;
		};
		BBA3F518B15560980D250DC2 /* Debug */ = {
			isa = XCBuildConfiguration;
			buildSettings = {
				CLANG_ENABLE_OBJC_WEAK = NO;
				CODE_SIGN_STYLE = Automatic;
				DEVELOPMENT_TEAM = 6BG94RDHDG;
				GENERATE_INFOPLIST_FILE = YES;
				IPHONEOS_DEPLOYMENT_TARGET = 17.0;
				LM_FILTER_WARNINGS = YES;
				PRODUCT_BUNDLE_IDENTIFIER = com.manuelsampedro.caltrack.uitests;
				SDKROOT = iphoneos;
				SWIFT_VERSION = 5.0;
				TARGETED_DEVICE_FAMILY = 1;
				TEST_TARGET_NAME = Caltrack;
			};
			name = Debug;
		};
		CE39B8BE7F5B4B3EFB173EB2 /* Debug */ = {
			isa = XCBuildConfiguration;
			buildSettings = {
				ASSETCATALOG_COMPILER_APPICON_NAME = AppIcon;
				ASSETCATALOG_COMPILER_GLOBAL_ACCENT_COLOR_NAME = AccentColor;
				CLANG_ENABLE_OBJC_WEAK = NO;
				CODE_SIGN_ENTITLEMENTS = Caltrack/Caltrack.entitlements;
				CODE_SIGN_STYLE = Automatic;
				CURRENT_PROJECT_VERSION = 4;
				DEVELOPMENT_TEAM = 6BG94RDHDG;
				GENERATE_INFOPLIST_FILE = YES;
				INFOPLIST_KEY_CFBundleDisplayName = Caltrack;
				INFOPLIST_KEY_NSCameraUsageDescription = "Caltrack usa la cámara para analizar una comida cuando decides fotografiarla.";
				INFOPLIST_KEY_NSHealthShareUsageDescription = "Caltrack lee el peso, la composición corporal, la actividad y los entrenamientos que autorices para reunir tu progreso en un solo lugar.";
				INFOPLIST_KEY_NSHealthUpdateUsageDescription = "Caltrack guarda en Salud las calorías y macros de las comidas que confirmes cuando activas esta opción.";
				INFOPLIST_KEY_UIApplicationSceneManifest_Generation = YES;
				INFOPLIST_KEY_UILaunchScreen_Generation = YES;
				INFOPLIST_KEY_UISupportedInterfaceOrientations_iPhone = UIInterfaceOrientationPortrait;
				IPHONEOS_DEPLOYMENT_TARGET = 17.0;
				LD_RUNPATH_SEARCH_PATHS = "$(inherited) @executable_path/Frameworks";
				LM_FILTER_WARNINGS = YES;
				MARKETING_VERSION = 1.3;
				PRODUCT_BUNDLE_IDENTIFIER = com.manuelsampedro.caltrack;
				PRODUCT_NAME = "$(TARGET_NAME)";
				SDKROOT = iphoneos;
				SWIFT_EMIT_LOC_STRINGS = YES;
				SWIFT_VERSION = 5.0;
				TARGETED_DEVICE_FAMILY = 1;
			};
			name = Debug;
		};
		D451148619C0B8FBA2F3568C /* Debug */ = {
			isa = XCBuildConfiguration;
			buildSettings = {
				BUNDLE_LOADER = "$(TEST_HOST)";
				CLANG_ENABLE_OBJC_WEAK = NO;
				CODE_SIGN_STYLE = Automatic;
				DEVELOPMENT_TEAM = 6BG94RDHDG;
				GENERATE_INFOPLIST_FILE = YES;
				IPHONEOS_DEPLOYMENT_TARGET = 17.0;
				LM_FILTER_WARNINGS = YES;
				PRODUCT_BUNDLE_IDENTIFIER = com.manuelsampedro.caltrack.tests;
				SDKROOT = iphoneos;
				SWIFT_VERSION = 5.0;
				TARGETED_DEVICE_FAMILY = 1;
				TEST_HOST = "$(BUILT_PRODUCTS_DIR)/Caltrack.app/$(BUNDLE_EXECUTABLE_FOLDER_PATH)/Caltrack";
			};
			name = Debug;
		};
/* End XCBuildConfiguration section */

/* Begin XCConfigurationList section */
		28B19EF0B662694AB0AC59B0 /* Build configuration list for PBXNativeTarget "CaltrackUITests" */ = {
			isa = XCConfigurationList;
			buildConfigurations = (
				5A79636765221E1EA3A011C1 /* Release */,
				BBA3F518B15560980D250DC2 /* Debug */,
			);
			defaultConfigurationIsVisible = 0;
			defaultConfigurationName = Release;
		};
		2F6721981C4489D052F4A9BE /* Build configuration list for PBXNativeTarget "Caltrack" */ = {
			isa = XCConfigurationList;
			buildConfigurations = (
				8B487673286D32ADF810943B /* Release */,
				CE39B8BE7F5B4B3EFB173EB2 /* Debug */,
			);
			defaultConfigurationIsVisible = 0;
			defaultConfigurationName = Release;
		};
		76FF58593069D11607B9B3D7 /* Build configuration list for PBXProject "Caltrack" */ = {
			isa = XCConfigurationList;
			buildConfigurations = (
				03E071FA13E69FBCE3288875 /* Debug */,
				5025020F6A4770BC940F8847 /* Release */,
			);
			defaultConfigurationIsVisible = 0;
			defaultConfigurationName = Release;
		};
		FA1740CB1AF9A959DBEFBB83 /* Build configuration list for PBXNativeTarget "CaltrackTests" */ = {
			isa = XCConfigurationList;
			buildConfigurations = (
				3C49B853D19BD66493965D4E /* Release */,
				D451148619C0B8FBA2F3568C /* Debug */,
			);
			defaultConfigurationIsVisible = 0;
			defaultConfigurationName = Release;
		};
/* End XCConfigurationList section */
	};
	rootObject = BCCFD46384CA4A2BD56077A6 /* Project object */;
}
