// !$*UTF8*$!
{
	archiveVersion = 1;
	classes = {
	};
	objectVersion = 46;
	objects = {

/* Begin PBXBuildFile section */
		00A070E72D2C70D1E219F84D /* GrokService.swift in Sources */ = {isa = PBXBuildFile; fileRef = 455450789F3CFD5D5E19920F /* GrokService.swift */; };
		05A4801E9F1E97DC25751768 /* AdaptivePlanEngine.swift in Sources */ = {isa = PBXBuildFile; fileRef = 349E7592960F520B980EE731 /* AdaptivePlanEngine.swift */; };
		0DE5E4470D37AAA9D56D3DC6 /* BodyCheckInSheet.swift in Sources */ = {isa = PBXBuildFile; fileRef = A35FA7C6243E485954E4306D /* BodyCheckInSheet.swift */; };
		14AEA8184F4CEDE0A4294162 /* CoachService.swift in Sources */ = {isa = PBXBuildFile; fileRef = 17A9CAFD53E09FBB64585CC7 /* CoachService.swift */; };
		14E83B020343156663AC79E8 /* WidgetSnapshotStore.swift in Sources */ = {isa = PBXBuildFile; fileRef = 2EADED35E015EFB5C2FD5826 /* WidgetSnapshotStore.swift */; };
		20F9E92DAE18FD0A88A99A3A /* WidgetKit.framework in Frameworks */ = {isa = PBXBuildFile; fileRef = F596429E157B84EA226338A8 /* WidgetKit.framework */; };
		26B0E5E2D937BBAC1D1D49F2 /* CaltrackWidgetContent.swift in Sources */ = {isa = PBXBuildFile; fileRef = D8A43494425A38CDB0257F58 /* CaltrackWidgetContent.swift */; };
		2E8EFC60CED7B441D385BBB6 /* RecoveryMath.swift in Sources */ = {isa = PBXBuildFile; fileRef = 2ECA19435FE064E3CAA41FE0 /* RecoveryMath.swift */; };
		38285C294CC6C29FA2CC84B5 /* ReminderService.swift in Sources */ = {isa = PBXBuildFile; fileRef = 85E0B5A8BCBCF372B675A886 /* ReminderService.swift */; };
		3C0853007F6A157D33D5CB87 /* Foundation.framework in Frameworks */ = {isa = PBXBuildFile; fileRef = 29100F1892932C446E1DAF95 /* Foundation.framework */; };
		3C62BD9F02B6B557E2087696 /* AppIntents.framework in Frameworks */ = {isa = PBXBuildFile; fileRef = BDE23033EE2AEAFC418CD2C9 /* AppIntents.framework */; };
		4052DC2DCB5B1D5367E1BBAF /* CoachView.swift in Sources */ = {isa = PBXBuildFile; fileRef = 69AE593B3A1253CE454972E1 /* CoachView.swift */; };
		412E8D2420EA51594C83FD86 /* CameraPicker.swift in Sources */ = {isa = PBXBuildFile; fileRef = CCFCC0E1A982C4E55CAD7B98 /* CameraPicker.swift */; };
		4255709C53F6F0F03ADF0E8D /* WidgetPreviewGallery.swift in Sources */ = {isa = PBXBuildFile; fileRef = 2CF17F5D8F4D26C16010E929 /* WidgetPreviewGallery.swift */; };
		4467D805EBDA3094E2FE5516 /* KeychainStore.swift in Sources */ = {isa = PBXBuildFile; fileRef = 1C86908723646E383690BC9B /* KeychainStore.swift */; };
		459ACA9D098845EB1744C754 /* AppIntents.framework in Frameworks */ = {isa = PBXBuildFile; fileRef = BDE23033EE2AEAFC418CD2C9 /* AppIntents.framework */; };
		47D695478100492EFCD834BF /* SettingsView.swift in Sources */ = {isa = PBXBuildFile; fileRef = DE8A0A1AC609FC7031044E38 /* SettingsView.swift */; };
		4BB3ACDC3D4A5A3B32326D6C /* CaltrackWidgets.swift in Sources */ = {isa = PBXBuildFile; fileRef = 30E186393CBB0EC68126C555 /* CaltrackWidgets.swift */; };
		4F70B4BBDCB9ED2D7C6D1B3F /* ManualMealSheet.swift in Sources */ = {isa = PBXBuildFile; fileRef = 0B49FD8EBDE2E5EB5F5D7930 /* ManualMealSheet.swift */; };
		51424C664AE3123930B28A50 /* HevyService.swift in Sources */ = {isa = PBXBuildFile; fileRef = 96846CAE5ADDF923437F6555 /* HevyService.swift */; };
		51B527907E00726EF6229321 /* PlanSettingsSheet.swift in Sources */ = {isa = PBXBuildFile; fileRef = 91AE0EC6C1A2AFE11EE60F24 /* PlanSettingsSheet.swift */; };
		558ECC1D7BC0F5F318D32EBB /* DailyPlanCheckInSheet.swift in Sources */ = {isa = PBXBuildFile; fileRef = 28F207C647004B340DB2C8FD /* DailyPlanCheckInSheet.swift */; };
		57ABF17806D862A2D43A85A4 /* HealthNutritionService.swift in Sources */ = {isa = PBXBuildFile; fileRef = 5D6C525AE1598A3BD960E823 /* HealthNutritionService.swift */; };
		62F4D9049874851A7AB45A4E /* HealthKitService.swift in Sources */ = {isa = PBXBuildFile; fileRef = 832366604FD1260471C8529B /* HealthKitService.swift */; };
		6B359CF02D58503B11DF84A3 /* CaltrackWidgets.appex in Embed App Extensions */ = {isa = PBXBuildFile; fileRef = 5EDC8BD6CD38D334874F36C2 /* CaltrackWidgets.appex */; };
		6FD097A50DC9521D2BD538F2 /* WidgetKit.framework in Frameworks */ = {isa = PBXBuildFile; fileRef = F596429E157B84EA226338A8 /* WidgetKit.framework */; };
		71DB449CD0390896524BC7C6 /* ProgressPhotoViewer.swift in Sources */ = {isa = PBXBuildFile; fileRef = 473F378885E3CE8C2216798A /* ProgressPhotoViewer.swift */; };
		7312A4B5E67DF38CA6C0D2E9 /* Insights.swift in Sources */ = {isa = PBXBuildFile; fileRef = 787B293C2A0497D647554E43 /* Insights.swift */; };
		7335E46DFFACD626944DB6B7 /* AppIntents.framework in Frameworks */ = {isa = PBXBuildFile; fileRef = BDE23033EE2AEAFC418CD2C9 /* AppIntents.framework */; };
		750A9B5465316256D027B4DC /* FoodLibrary.swift in Sources */ = {isa = PBXBuildFile; fileRef = 971F51BEBB50301DCDB24FB2 /* FoodLibrary.swift */; };
		75DD28545307887E86DC7D69 /* Models.swift in Sources */ = {isa = PBXBuildFile; fileRef = 9D69C031750513A48AFC5DC5 /* Models.swift */; };
		8368832CDFA836A0E98711C2 /* ProgressDashboardView.swift in Sources */ = {isa = PBXBuildFile; fileRef = 52623B45C2DF1B500E7099B7 /* ProgressDashboardView.swift */; };
		844D500B369B319AF62DB997 /* BackupService.swift in Sources */ = {isa = PBXBuildFile; fileRef = 7F1F25868083AAB95546E02E /* BackupService.swift */; };
		8549AB2C9C0BBC1DAE74088C /* OnboardingView.swift in Sources */ = {isa = PBXBuildFile; fileRef = E9EAE267184688F28ED767A9 /* OnboardingView.swift */; };
		899FCE9677F0AF194C85F127 /* Theme.swift in Sources */ = {isa = PBXBuildFile; fileRef = 0AA1CA53CBB810C514A1C119 /* Theme.swift */; };
		8CE4FFEEBD750F66B9DA46F6 /* GrokServiceTests.swift in Sources */ = {isa = PBXBuildFile; fileRef = 2A5BE19B0F71EC7835E5A5A0 /* GrokServiceTests.swift */; };
		8DF22A3D90F3F539C15078C0 /* MealAnalysisSheet.swift in Sources */ = {isa = PBXBuildFile; fileRef = CB2D12B43586D90D6E42664E /* MealAnalysisSheet.swift */; };
		8EEB68C821C955C3FFE5E107 /* WidgetSnapshotStore.swift in Sources */ = {isa = PBXBuildFile; fileRef = 2EADED35E015EFB5C2FD5826 /* WidgetSnapshotStore.swift */; };
		934884B78C8B1C627595B337 /* Assets.xcassets in Resources */ = {isa = PBXBuildFile; fileRef = 235D88AD3A332773DA9219B6 /* Assets.xcassets */; };
		9425F9496F86EC933A1AECDB /* QuickActions.swift in Sources */ = {isa = PBXBuildFile; fileRef = 1D9F94F64111AD69FF5BC9D3 /* QuickActions.swift */; };
		94667C6E3B399FB76A2D8166 /* AppShortcuts.swift in Sources */ = {isa = PBXBuildFile; fileRef = FBB0FC56AD3EFA85B16067A8 /* AppShortcuts.swift */; };
		951483C3799B03C793B80952 /* RootView.swift in Sources */ = {isa = PBXBuildFile; fileRef = 6F86367B290AE17FF8004F16 /* RootView.swift */; };
		9B31EFA88D000BD607DFF44B /* MealComponentsEditor.swift in Sources */ = {isa = PBXBuildFile; fileRef = 8099E89BEF8B00C5631561DF /* MealComponentsEditor.swift */; };
		B54FDC6A585C8D28C03B9E86 /* Foundation.framework in Frameworks */ = {isa = PBXBuildFile; fileRef = 29100F1892932C446E1DAF95 /* Foundation.framework */; };
		B7FD6D7CA5FFDC120EC72B24 /* CaltrackWidgetContent.swift in Sources */ = {isa = PBXBuildFile; fileRef = D8A43494425A38CDB0257F58 /* CaltrackWidgetContent.swift */; };
		BBCBD86B1CAA7CFC5DDA6207 /* QuickActions.swift in Sources */ = {isa = PBXBuildFile; fileRef = 1D9F94F64111AD69FF5BC9D3 /* QuickActions.swift */; };
		C8BDF8042FA857C04D076BDD /* CaltrackUITests.swift in Sources */ = {isa = PBXBuildFile; fileRef = C13CDF2B257DAF5C1786D11B /* CaltrackUITests.swift */; };
		CF237B28EBFEF9586E4EBF6A /* BarcodeScannerView.swift in Sources */ = {isa = PBXBuildFile; fileRef = 0A2F36024D756AA6E2F8601C /* BarcodeScannerView.swift */; };
		CF4C7BF28A781770B5950391 /* AppIntents.framework in Frameworks */ = {isa = PBXBuildFile; fileRef = BDE23033EE2AEAFC418CD2C9 /* AppIntents.framework */; };
		DB38FFABE5B677010F41B881 /* CaltrackApp.swift in Sources */ = {isa = PBXBuildFile; fileRef = 61ADB94E4A437CA7D77D5394 /* CaltrackApp.swift */; };
		E5DF5DD53C6CC98B78FF4154 /* OpenFoodFactsService.swift in Sources */ = {isa = PBXBuildFile; fileRef = 74E9AB41A03267D9CDCBCA7D /* OpenFoodFactsService.swift */; };
		EE6A28B43548A3448E4624BE /* Foundation.framework in Frameworks */ = {isa = PBXBuildFile; fileRef = 29100F1892932C446E1DAF95 /* Foundation.framework */; };
		EF9AFB497701DE03E31D8DC8 /* DashboardView.swift in Sources */ = {isa = PBXBuildFile; fileRef = 9B9250FEB5E427614E93514A /* DashboardView.swift */; };
		F00E1FEBB75B3CE219D1891A /* BarcodeLookupSheet.swift in Sources */ = {isa = PBXBuildFile; fileRef = 8798111EFF1666F1EBD1FBDB /* BarcodeLookupSheet.swift */; };
		F0E62948994EAEF1889E7BEB /* Foundation.framework in Frameworks */ = {isa = PBXBuildFile; fileRef = 29100F1892932C446E1DAF95 /* Foundation.framework */; };
/* End PBXBuildFile section */

/* Begin PBXContainerItemProxy section */
		0E28FE95AC64D27332B03A4A /* PBXContainerItemProxy */ = {
			isa = PBXContainerItemProxy;
			containerPortal = BA6DA8BBFBFBAC5F9D0F4C31 /* Project object */;
			proxyType = 1;
			remoteGlobalIDString = 3746EBD79FC34789633EED63;
			remoteInfo = CaltrackWidgets;
		};
		4065710434CE6A4654DCF8B5 /* PBXContainerItemProxy */ = {
			isa = PBXContainerItemProxy;
			containerPortal = BA6DA8BBFBFBAC5F9D0F4C31 /* Project object */;
			proxyType = 1;
			remoteGlobalIDString = 423DF72D370AC9A094AA6632;
			remoteInfo = Caltrack;
		};
		879E382E488D94130B25BB84 /* PBXContainerItemProxy */ = {
			isa = PBXContainerItemProxy;
			containerPortal = BA6DA8BBFBFBAC5F9D0F4C31 /* Project object */;
			proxyType = 1;
			remoteGlobalIDString = 423DF72D370AC9A094AA6632;
			remoteInfo = Caltrack;
		};
/* End PBXContainerItemProxy section */

/* Begin PBXCopyFilesBuildPhase section */
		5AE82F0BC5F8616B9D362177 /* Embed App Extensions */ = {
			isa = PBXCopyFilesBuildPhase;
			buildActionMask = 2147483647;
			dstPath = "";
			dstSubfolderSpec = 13;
			files = (
				6B359CF02D58503B11DF84A3 /* CaltrackWidgets.appex in Embed App Extensions */,
			);
			name = "Embed App Extensions";
			runOnlyForDeploymentPostprocessing = 0;
		};
/* End PBXCopyFilesBuildPhase section */

/* Begin PBXFileReference section */
		07EBA7882420CBE149629F20 /* CaltrackWidgets.entitlements */ = {isa = PBXFileReference; includeInIndex = 1; lastKnownFileType = text.plist.entitlements; path = CaltrackWidgets.entitlements; sourceTree = "<group>"; };
		0A2F36024D756AA6E2F8601C /* BarcodeScannerView.swift */ = {isa = PBXFileReference; includeInIndex = 1; lastKnownFileType = sourcecode.swift; path = BarcodeScannerView.swift; sourceTree = "<group>"; };
		0AA1CA53CBB810C514A1C119 /* Theme.swift */ = {isa = PBXFileReference; includeInIndex = 1; lastKnownFileType = sourcecode.swift; path = Theme.swift; sourceTree = "<group>"; };
		0B49FD8EBDE2E5EB5F5D7930 /* ManualMealSheet.swift */ = {isa = PBXFileReference; includeInIndex = 1; lastKnownFileType = sourcecode.swift; path = ManualMealSheet.swift; sourceTree = "<group>"; };
		0EA480F333A2FB68E5F01613 /* CaltrackUITests.xctest */ = {isa = PBXFileReference; explicitFileType = wrapper.cfbundle; includeInIndex = 0; path = CaltrackUITests.xctest; sourceTree = BUILT_PRODUCTS_DIR; };
		17A9CAFD53E09FBB64585CC7 /* CoachService.swift */ = {isa = PBXFileReference; includeInIndex = 1; lastKnownFileType = sourcecode.swift; path = CoachService.swift; sourceTree = "<group>"; };
		1C86908723646E383690BC9B /* KeychainStore.swift */ = {isa = PBXFileReference; includeInIndex = 1; lastKnownFileType = sourcecode.swift; path = KeychainStore.swift; sourceTree = "<group>"; };
		1D9F94F64111AD69FF5BC9D3 /* QuickActions.swift */ = {isa = PBXFileReference; includeInIndex = 1; lastKnownFileType = sourcecode.swift; path = QuickActions.swift; sourceTree = "<group>"; };
		235D88AD3A332773DA9219B6 /* Assets.xcassets */ = {isa = PBXFileReference; includeInIndex = 1; lastKnownFileType = folder.assetcatalog; path = Assets.xcassets; sourceTree = "<group>"; };
		28F207C647004B340DB2C8FD /* DailyPlanCheckInSheet.swift */ = {isa = PBXFileReference; includeInIndex = 1; lastKnownFileType = sourcecode.swift; path = DailyPlanCheckInSheet.swift; sourceTree = "<group>"; };
		29100F1892932C446E1DAF95 /* Foundation.framework */ = {isa = PBXFileReference; lastKnownFileType = wrapper.framework; name = Foundation.framework; path = Platforms/iPhoneOS.platform/Developer/SDKs/iPhoneOS18.0.sdk/System/Library/Frameworks/Foundation.framework; sourceTree = DEVELOPER_DIR; };
		2A5BE19B0F71EC7835E5A5A0 /* GrokServiceTests.swift */ = {isa = PBXFileReference; includeInIndex = 1; lastKnownFileType = sourcecode.swift; path = GrokServiceTests.swift; sourceTree = "<group>"; };
		2CF17F5D8F4D26C16010E929 /* WidgetPreviewGallery.swift */ = {isa = PBXFileReference; includeInIndex = 1; lastKnownFileType = sourcecode.swift; path = WidgetPreviewGallery.swift; sourceTree = "<group>"; };
		2E977BF8126D7A2543D1FC96 /* Caltrack.app */ = {isa = PBXFileReference; explicitFileType = wrapper.application; includeInIndex = 0; path = Caltrack.app; sourceTree = BUILT_PRODUCTS_DIR; };
		2EADED35E015EFB5C2FD5826 /* WidgetSnapshotStore.swift */ = {isa = PBXFileReference; includeInIndex = 1; lastKnownFileType = sourcecode.swift; path = WidgetSnapshotStore.swift; sourceTree = "<group>"; };
		2ECA19435FE064E3CAA41FE0 /* RecoveryMath.swift */ = {isa = PBXFileReference; includeInIndex = 1; lastKnownFileType = sourcecode.swift; path = RecoveryMath.swift; sourceTree = "<group>"; };
		30E186393CBB0EC68126C555 /* CaltrackWidgets.swift */ = {isa = PBXFileReference; includeInIndex = 1; lastKnownFileType = sourcecode.swift; path = CaltrackWidgets.swift; sourceTree = "<group>"; };
		349E7592960F520B980EE731 /* AdaptivePlanEngine.swift */ = {isa = PBXFileReference; includeInIndex = 1; lastKnownFileType = sourcecode.swift; path = AdaptivePlanEngine.swift; sourceTree = "<group>"; };
		455450789F3CFD5D5E19920F /* GrokService.swift */ = {isa = PBXFileReference; includeInIndex = 1; lastKnownFileType = sourcecode.swift; path = GrokService.swift; sourceTree = "<group>"; };
		473F378885E3CE8C2216798A /* ProgressPhotoViewer.swift */ = {isa = PBXFileReference; includeInIndex = 1; lastKnownFileType = sourcecode.swift; path = ProgressPhotoViewer.swift; sourceTree = "<group>"; };
		514BC07945869DEC732A838A /* Caltrack.entitlements */ = {isa = PBXFileReference; includeInIndex = 1; lastKnownFileType = text.plist.entitlements; path = Caltrack.entitlements; sourceTree = "<group>"; };
		52623B45C2DF1B500E7099B7 /* ProgressDashboardView.swift */ = {isa = PBXFileReference; includeInIndex = 1; lastKnownFileType = sourcecode.swift; path = ProgressDashboardView.swift; sourceTree = "<group>"; };
		5D6C525AE1598A3BD960E823 /* HealthNutritionService.swift */ = {isa = PBXFileReference; includeInIndex = 1; lastKnownFileType = sourcecode.swift; path = HealthNutritionService.swift; sourceTree = "<group>"; };
		5EDC8BD6CD38D334874F36C2 /* CaltrackWidgets.appex */ = {isa = PBXFileReference; explicitFileType = "wrapper.app-extension"; includeInIndex = 0; path = CaltrackWidgets.appex; sourceTree = BUILT_PRODUCTS_DIR; };
		61ADB94E4A437CA7D77D5394 /* CaltrackApp.swift */ = {isa = PBXFileReference; includeInIndex = 1; lastKnownFileType = sourcecode.swift; path = CaltrackApp.swift; sourceTree = "<group>"; };
		69AE593B3A1253CE454972E1 /* CoachView.swift */ = {isa = PBXFileReference; includeInIndex = 1; lastKnownFileType = sourcecode.swift; path = CoachView.swift; sourceTree = "<group>"; };
		6F86367B290AE17FF8004F16 /* RootView.swift */ = {isa = PBXFileReference; includeInIndex = 1; lastKnownFileType = sourcecode.swift; path = RootView.swift; sourceTree = "<group>"; };
		74E9AB41A03267D9CDCBCA7D /* OpenFoodFactsService.swift */ = {isa = PBXFileReference; includeInIndex = 1; lastKnownFileType = sourcecode.swift; path = OpenFoodFactsService.swift; sourceTree = "<group>"; };
		787B293C2A0497D647554E43 /* Insights.swift */ = {isa = PBXFileReference; includeInIndex = 1; lastKnownFileType = sourcecode.swift; path = Insights.swift; sourceTree = "<group>"; };
		7F1F25868083AAB95546E02E /* BackupService.swift */ = {isa = PBXFileReference; includeInIndex = 1; lastKnownFileType = sourcecode.swift; path = BackupService.swift; sourceTree = "<group>"; };
		8099E89BEF8B00C5631561DF /* MealComponentsEditor.swift */ = {isa = PBXFileReference; includeInIndex = 1; lastKnownFileType = sourcecode.swift; path = MealComponentsEditor.swift; sourceTree = "<group>"; };
		832366604FD1260471C8529B /* HealthKitService.swift */ = {isa = PBXFileReference; includeInIndex = 1; lastKnownFileType = sourcecode.swift; path = HealthKitService.swift; sourceTree = "<group>"; };
		85E0B5A8BCBCF372B675A886 /* ReminderService.swift */ = {isa = PBXFileReference; includeInIndex = 1; lastKnownFileType = sourcecode.swift; path = ReminderService.swift; sourceTree = "<group>"; };
		8798111EFF1666F1EBD1FBDB /* BarcodeLookupSheet.swift */ = {isa = PBXFileReference; includeInIndex = 1; lastKnownFileType = sourcecode.swift; path = BarcodeLookupSheet.swift; sourceTree = "<group>"; };
		8A396D46501E6DE79953196E /* Info.plist */ = {isa = PBXFileReference; includeInIndex = 1; lastKnownFileType = text.plist.xml; path = Info.plist; sourceTree = "<group>"; };
		91AE0EC6C1A2AFE11EE60F24 /* PlanSettingsSheet.swift */ = {isa = PBXFileReference; includeInIndex = 1; lastKnownFileType = sourcecode.swift; path = PlanSettingsSheet.swift; sourceTree = "<group>"; };
		954BC94921462EB95F3A20D0 /* CaltrackTests.xctest */ = {isa = PBXFileReference; explicitFileType = wrapper.cfbundle; includeInIndex = 0; path = CaltrackTests.xctest; sourceTree = BUILT_PRODUCTS_DIR; };
		96846CAE5ADDF923437F6555 /* HevyService.swift */ = {isa = PBXFileReference; includeInIndex = 1; lastKnownFileType = sourcecode.swift; path = HevyService.swift; sourceTree = "<group>"; };
		971F51BEBB50301DCDB24FB2 /* FoodLibrary.swift */ = {isa = PBXFileReference; includeInIndex = 1; lastKnownFileType = sourcecode.swift; path = FoodLibrary.swift; sourceTree = "<group>"; };
		9B9250FEB5E427614E93514A /* DashboardView.swift */ = {isa = PBXFileReference; includeInIndex = 1; lastKnownFileType = sourcecode.swift; path = DashboardView.swift; sourceTree = "<group>"; };
		9D69C031750513A48AFC5DC5 /* Models.swift */ = {isa = PBXFileReference; includeInIndex = 1; lastKnownFileType = sourcecode.swift; path = Models.swift; sourceTree = "<group>"; };
		A35FA7C6243E485954E4306D /* BodyCheckInSheet.swift */ = {isa = PBXFileReference; includeInIndex = 1; lastKnownFileType = sourcecode.swift; path = BodyCheckInSheet.swift; sourceTree = "<group>"; };
		BDE23033EE2AEAFC418CD2C9 /* AppIntents.framework */ = {isa = PBXFileReference; lastKnownFileType = wrapper.framework; name = AppIntents.framework; path = System/Library/Frameworks/AppIntents.framework; sourceTree = SDKROOT; };
		C13CDF2B257DAF5C1786D11B /* CaltrackUITests.swift */ = {isa = PBXFileReference; includeInIndex = 1; lastKnownFileType = sourcecode.swift; path = CaltrackUITests.swift; sourceTree = "<group>"; };
		CB2D12B43586D90D6E42664E /* MealAnalysisSheet.swift */ = {isa = PBXFileReference; includeInIndex = 1; lastKnownFileType = sourcecode.swift; path = MealAnalysisSheet.swift; sourceTree = "<group>"; };
		CCFCC0E1A982C4E55CAD7B98 /* CameraPicker.swift */ = {isa = PBXFileReference; includeInIndex = 1; lastKnownFileType = sourcecode.swift; path = CameraPicker.swift; sourceTree = "<group>"; };
		D8A43494425A38CDB0257F58 /* CaltrackWidgetContent.swift */ = {isa = PBXFileReference; includeInIndex = 1; lastKnownFileType = sourcecode.swift; path = CaltrackWidgetContent.swift; sourceTree = "<group>"; };
		DE8A0A1AC609FC7031044E38 /* SettingsView.swift */ = {isa = PBXFileReference; includeInIndex = 1; lastKnownFileType = sourcecode.swift; path = SettingsView.swift; sourceTree = "<group>"; };
		E9EAE267184688F28ED767A9 /* OnboardingView.swift */ = {isa = PBXFileReference; includeInIndex = 1; lastKnownFileType = sourcecode.swift; path = OnboardingView.swift; sourceTree = "<group>"; };
		F596429E157B84EA226338A8 /* WidgetKit.framework */ = {isa = PBXFileReference; lastKnownFileType = wrapper.framework; name = WidgetKit.framework; path = System/Library/Frameworks/WidgetKit.framework; sourceTree = SDKROOT; };
		FBB0FC56AD3EFA85B16067A8 /* AppShortcuts.swift */ = {isa = PBXFileReference; includeInIndex = 1; lastKnownFileType = sourcecode.swift; path = AppShortcuts.swift; sourceTree = "<group>"; };
/* End PBXFileReference section */

/* Begin PBXFrameworksBuildPhase section */
		0EAD879C9F13AFFC82A06189 /* Frameworks */ = {
			isa = PBXFrameworksBuildPhase;
			buildActionMask = 2147483647;
			files = (
				B54FDC6A585C8D28C03B9E86 /* Foundation.framework in Frameworks */,
				459ACA9D098845EB1744C754 /* AppIntents.framework in Frameworks */,
			);
			runOnlyForDeploymentPostprocessing = 0;
		};
		AA62596D72E3B8FE8070950E /* Frameworks */ = {
			isa = PBXFrameworksBuildPhase;
			buildActionMask = 2147483647;
			files = (
				F0E62948994EAEF1889E7BEB /* Foundation.framework in Frameworks */,
				CF4C7BF28A781770B5950391 /* AppIntents.framework in Frameworks */,
			);
			runOnlyForDeploymentPostprocessing = 0;
		};
		BC85C36B4AED525E63473F5C /* Frameworks */ = {
			isa = PBXFrameworksBuildPhase;
			buildActionMask = 2147483647;
			files = (
				EE6A28B43548A3448E4624BE /* Foundation.framework in Frameworks */,
				3C62BD9F02B6B557E2087696 /* AppIntents.framework in Frameworks */,
				6FD097A50DC9521D2BD538F2 /* WidgetKit.framework in Frameworks */,
			);
			runOnlyForDeploymentPostprocessing = 0;
		};
		E64F91E083F6EBC4FAF49FFC /* Frameworks */ = {
			isa = PBXFrameworksBuildPhase;
			buildActionMask = 2147483647;
			files = (
				3C0853007F6A157D33D5CB87 /* Foundation.framework in Frameworks */,
				7335E46DFFACD626944DB6B7 /* AppIntents.framework in Frameworks */,
				20F9E92DAE18FD0A88A99A3A /* WidgetKit.framework in Frameworks */,
			);
			runOnlyForDeploymentPostprocessing = 0;
		};
/* End PBXFrameworksBuildPhase section */

/* Begin PBXGroup section */
		0A9C3C346900BB5F7359AE75 /* CaltrackTests */ = {
			isa = PBXGroup;
			children = (
				2A5BE19B0F71EC7835E5A5A0 /* GrokServiceTests.swift */,
			);
			name = CaltrackTests;
			path = CaltrackTests;
			sourceTree = "<group>";
		};
		582CC80CE0D82AFD70001186 /* Caltrack */ = {
			isa = PBXGroup;
			children = (
				349E7592960F520B980EE731 /* AdaptivePlanEngine.swift */,
				FBB0FC56AD3EFA85B16067A8 /* AppShortcuts.swift */,
				7F1F25868083AAB95546E02E /* BackupService.swift */,
				8798111EFF1666F1EBD1FBDB /* BarcodeLookupSheet.swift */,
				0A2F36024D756AA6E2F8601C /* BarcodeScannerView.swift */,
				A35FA7C6243E485954E4306D /* BodyCheckInSheet.swift */,
				61ADB94E4A437CA7D77D5394 /* CaltrackApp.swift */,
				D8A43494425A38CDB0257F58 /* CaltrackWidgetContent.swift */,
				CCFCC0E1A982C4E55CAD7B98 /* CameraPicker.swift */,
				17A9CAFD53E09FBB64585CC7 /* CoachService.swift */,
				69AE593B3A1253CE454972E1 /* CoachView.swift */,
				28F207C647004B340DB2C8FD /* DailyPlanCheckInSheet.swift */,
				9B9250FEB5E427614E93514A /* DashboardView.swift */,
				971F51BEBB50301DCDB24FB2 /* FoodLibrary.swift */,
				455450789F3CFD5D5E19920F /* GrokService.swift */,
				832366604FD1260471C8529B /* HealthKitService.swift */,
				5D6C525AE1598A3BD960E823 /* HealthNutritionService.swift */,
				96846CAE5ADDF923437F6555 /* HevyService.swift */,
				787B293C2A0497D647554E43 /* Insights.swift */,
				1C86908723646E383690BC9B /* KeychainStore.swift */,
				0B49FD8EBDE2E5EB5F5D7930 /* ManualMealSheet.swift */,
				CB2D12B43586D90D6E42664E /* MealAnalysisSheet.swift */,
				8099E89BEF8B00C5631561DF /* MealComponentsEditor.swift */,
				9D69C031750513A48AFC5DC5 /* Models.swift */,
				E9EAE267184688F28ED767A9 /* OnboardingView.swift */,
				74E9AB41A03267D9CDCBCA7D /* OpenFoodFactsService.swift */,
				91AE0EC6C1A2AFE11EE60F24 /* PlanSettingsSheet.swift */,
				52623B45C2DF1B500E7099B7 /* ProgressDashboardView.swift */,
				473F378885E3CE8C2216798A /* ProgressPhotoViewer.swift */,
				1D9F94F64111AD69FF5BC9D3 /* QuickActions.swift */,
				2ECA19435FE064E3CAA41FE0 /* RecoveryMath.swift */,
				85E0B5A8BCBCF372B675A886 /* ReminderService.swift */,
				6F86367B290AE17FF8004F16 /* RootView.swift */,
				DE8A0A1AC609FC7031044E38 /* SettingsView.swift */,
				0AA1CA53CBB810C514A1C119 /* Theme.swift */,
				2CF17F5D8F4D26C16010E929 /* WidgetPreviewGallery.swift */,
				2EADED35E015EFB5C2FD5826 /* WidgetSnapshotStore.swift */,
				235D88AD3A332773DA9219B6 /* Assets.xcassets */,
				514BC07945869DEC732A838A /* Caltrack.entitlements */,
			);
			name = Caltrack;
			path = Caltrack;
			sourceTree = "<group>";
		};
		5C2880C771ABAC4C7DEF7CA7 /* CaltrackUITests */ = {
			isa = PBXGroup;
			children = (
				C13CDF2B257DAF5C1786D11B /* CaltrackUITests.swift */,
			);
			name = CaltrackUITests;
			path = CaltrackUITests;
			sourceTree = "<group>";
		};
		82542073A29197BCB208E51E /* Frameworks */ = {
			isa = PBXGroup;
			children = (
				FC1E0A50003EB409F0ACBA06 /* iOS */,
				BDE23033EE2AEAFC418CD2C9 /* AppIntents.framework */,
				F596429E157B84EA226338A8 /* WidgetKit.framework */,
			);
			name = Frameworks;
			sourceTree = "<group>";
		};
		B714BDB120439ECE8A08B848 /* Products */ = {
			isa = PBXGroup;
			children = (
				2E977BF8126D7A2543D1FC96 /* Caltrack.app */,
				5EDC8BD6CD38D334874F36C2 /* CaltrackWidgets.appex */,
				954BC94921462EB95F3A20D0 /* CaltrackTests.xctest */,
				0EA480F333A2FB68E5F01613 /* CaltrackUITests.xctest */,
			);
			name = Products;
			sourceTree = "<group>";
		};
		D0E757790507906292EB4D9B = {
			isa = PBXGroup;
			children = (
				B714BDB120439ECE8A08B848 /* Products */,
				82542073A29197BCB208E51E /* Frameworks */,
				582CC80CE0D82AFD70001186 /* Caltrack */,
				FFF341D235DC6E671D3E5F42 /* CaltrackWidgets */,
				0A9C3C346900BB5F7359AE75 /* CaltrackTests */,
				5C2880C771ABAC4C7DEF7CA7 /* CaltrackUITests */,
			);
			sourceTree = "<group>";
		};
		FC1E0A50003EB409F0ACBA06 /* iOS */ = {
			isa = PBXGroup;
			children = (
				29100F1892932C446E1DAF95 /* Foundation.framework */,
			);
			name = iOS;
			sourceTree = "<group>";
		};
		FFF341D235DC6E671D3E5F42 /* CaltrackWidgets */ = {
			isa = PBXGroup;
			children = (
				30E186393CBB0EC68126C555 /* CaltrackWidgets.swift */,
				8A396D46501E6DE79953196E /* Info.plist */,
				07EBA7882420CBE149629F20 /* CaltrackWidgets.entitlements */,
			);
			name = CaltrackWidgets;
			path = CaltrackWidgets;
			sourceTree = "<group>";
		};
/* End PBXGroup section */

/* Begin PBXNativeTarget section */
		3746EBD79FC34789633EED63 /* CaltrackWidgets */ = {
			isa = PBXNativeTarget;
			buildConfigurationList = 1BBFAB29DF88BD863F8F2ACE /* Build configuration list for PBXNativeTarget "CaltrackWidgets" */;
			buildPhases = (
				51DC0A4C7878886D35B75E71 /* Sources */,
				BC85C36B4AED525E63473F5C /* Frameworks */,
				4D80BBA936411390984CCA6C /* Resources */,
			);
			buildRules = (
			);
			dependencies = (
			);
			name = CaltrackWidgets;
			productName = CaltrackWidgets;
			productReference = 5EDC8BD6CD38D334874F36C2 /* CaltrackWidgets.appex */;
			productType = "com.apple.product-type.app-extension";
		};
		423DF72D370AC9A094AA6632 /* Caltrack */ = {
			isa = PBXNativeTarget;
			buildConfigurationList = 6E8B0B5DD7F1AC2F09BD1CC7 /* Build configuration list for PBXNativeTarget "Caltrack" */;
			buildPhases = (
				89BBABF7937810D9F7370BD9 /* Sources */,
				E64F91E083F6EBC4FAF49FFC /* Frameworks */,
				CBA913032CDD0B4D210B1253 /* Resources */,
				5AE82F0BC5F8616B9D362177 /* Embed App Extensions */,
			);
			buildRules = (
			);
			dependencies = (
				0424F995A606CED5672E2911 /* PBXTargetDependency */,
			);
			name = Caltrack;
			productName = Caltrack;
			productReference = 2E977BF8126D7A2543D1FC96 /* Caltrack.app */;
			productType = "com.apple.product-type.application";
		};
		70E19D82E86E7A6500980AA6 /* CaltrackUITests */ = {
			isa = PBXNativeTarget;
			buildConfigurationList = A94B25ABE83407DAB4853F62 /* Build configuration list for PBXNativeTarget "CaltrackUITests" */;
			buildPhases = (
				FA86BDA9BFB83B44498FEB7C /* Sources */,
				0EAD879C9F13AFFC82A06189 /* Frameworks */,
				121CED0DE3C05D12524A61E4 /* Resources */,
			);
			buildRules = (
			);
			dependencies = (
				CB8BBCF31307DDB4F2954D79 /* PBXTargetDependency */,
			);
			name = CaltrackUITests;
			productName = CaltrackUITests;
			productReference = 0EA480F333A2FB68E5F01613 /* CaltrackUITests.xctest */;
			productType = "com.apple.product-type.bundle.ui-testing";
		};
		A1F5AA40C97785A0A9AACEBF /* CaltrackTests */ = {
			isa = PBXNativeTarget;
			buildConfigurationList = E9EAE71945C36D4668ADFCA9 /* Build configuration list for PBXNativeTarget "CaltrackTests" */;
			buildPhases = (
				E4D55071AD15999A6722EFC7 /* Sources */,
				AA62596D72E3B8FE8070950E /* Frameworks */,
				E10AD8516AA0421E1CE81515 /* Resources */,
			);
			buildRules = (
			);
			dependencies = (
				D22419062E47C7ED55FE1325 /* PBXTargetDependency */,
			);
			name = CaltrackTests;
			productName = CaltrackTests;
			productReference = 954BC94921462EB95F3A20D0 /* CaltrackTests.xctest */;
			productType = "com.apple.product-type.bundle.unit-test";
		};
/* End PBXNativeTarget section */

/* Begin PBXProject section */
		BA6DA8BBFBFBAC5F9D0F4C31 /* Project object */ = {
			isa = PBXProject;
			attributes = {
				LastSwiftUpdateCheck = 2600;
				LastUpgradeCheck = 2600;
				TargetAttributes = {
					3746EBD79FC34789633EED63 = {
						CreatedOnToolsVersion = 26.0;
						DevelopmentTeam = 6BG94RDHDG;
						SystemCapabilities = {
							com.apple.ApplicationGroups.iOS = {
								enabled = 1;
							};
						};
					};
					423DF72D370AC9A094AA6632 = {
						CreatedOnToolsVersion = 26.0;
						DevelopmentTeam = 6BG94RDHDG;
						SystemCapabilities = {
							com.apple.ApplicationGroups.iOS = {
								enabled = 1;
							};
							com.apple.HealthKit = {
								enabled = 1;
							};
						};
					};
					70E19D82E86E7A6500980AA6 = {
						CreatedOnToolsVersion = 26.0;
						DevelopmentTeam = 6BG94RDHDG;
					};
					A1F5AA40C97785A0A9AACEBF = {
						CreatedOnToolsVersion = 26.0;
						DevelopmentTeam = 6BG94RDHDG;
					};
				};
			};
			buildConfigurationList = 379E110C129D750D808F720B /* Build configuration list for PBXProject "Caltrack" */;
			compatibilityVersion = "Xcode 3.2";
			developmentRegion = en;
			hasScannedForEncodings = 0;
			knownRegions = (
				en,
				Base,
			);
			mainGroup = D0E757790507906292EB4D9B;
			minimizedProjectReferenceProxies = 0;
			preferredProjectObjectVersion = 77;
			productRefGroup = B714BDB120439ECE8A08B848 /* Products */;
			projectDirPath = "";
			projectRoot = "";
			targets = (
				423DF72D370AC9A094AA6632 /* Caltrack */,
				3746EBD79FC34789633EED63 /* CaltrackWidgets */,
				A1F5AA40C97785A0A9AACEBF /* CaltrackTests */,
				70E19D82E86E7A6500980AA6 /* CaltrackUITests */,
			);
		};
/* End PBXProject section */

/* Begin PBXResourcesBuildPhase section */
		121CED0DE3C05D12524A61E4 /* Resources */ = {
			isa = PBXResourcesBuildPhase;
			buildActionMask = 2147483647;
			files = (
			);
			runOnlyForDeploymentPostprocessing = 0;
		};
		4D80BBA936411390984CCA6C /* Resources */ = {
			isa = PBXResourcesBuildPhase;
			buildActionMask = 2147483647;
			files = (
			);
			runOnlyForDeploymentPostprocessing = 0;
		};
		CBA913032CDD0B4D210B1253 /* Resources */ = {
			isa = PBXResourcesBuildPhase;
			buildActionMask = 2147483647;
			files = (
				934884B78C8B1C627595B337 /* Assets.xcassets in Resources */,
			);
			runOnlyForDeploymentPostprocessing = 0;
		};
		E10AD8516AA0421E1CE81515 /* Resources */ = {
			isa = PBXResourcesBuildPhase;
			buildActionMask = 2147483647;
			files = (
			);
			runOnlyForDeploymentPostprocessing = 0;
		};
/* End PBXResourcesBuildPhase section */

/* Begin PBXSourcesBuildPhase section */
		51DC0A4C7878886D35B75E71 /* Sources */ = {
			isa = PBXSourcesBuildPhase;
			buildActionMask = 2147483647;
			files = (
				4BB3ACDC3D4A5A3B32326D6C /* CaltrackWidgets.swift in Sources */,
				B7FD6D7CA5FFDC120EC72B24 /* CaltrackWidgetContent.swift in Sources */,
				9425F9496F86EC933A1AECDB /* QuickActions.swift in Sources */,
				8EEB68C821C955C3FFE5E107 /* WidgetSnapshotStore.swift in Sources */,
			);
			runOnlyForDeploymentPostprocessing = 0;
		};
		89BBABF7937810D9F7370BD9 /* Sources */ = {
			isa = PBXSourcesBuildPhase;
			buildActionMask = 2147483647;
			files = (
				05A4801E9F1E97DC25751768 /* AdaptivePlanEngine.swift in Sources */,
				94667C6E3B399FB76A2D8166 /* AppShortcuts.swift in Sources */,
				844D500B369B319AF62DB997 /* BackupService.swift in Sources */,
				F00E1FEBB75B3CE219D1891A /* BarcodeLookupSheet.swift in Sources */,
				CF237B28EBFEF9586E4EBF6A /* BarcodeScannerView.swift in Sources */,
				0DE5E4470D37AAA9D56D3DC6 /* BodyCheckInSheet.swift in Sources */,
				DB38FFABE5B677010F41B881 /* CaltrackApp.swift in Sources */,
				26B0E5E2D937BBAC1D1D49F2 /* CaltrackWidgetContent.swift in Sources */,
				412E8D2420EA51594C83FD86 /* CameraPicker.swift in Sources */,
				14AEA8184F4CEDE0A4294162 /* CoachService.swift in Sources */,
				4052DC2DCB5B1D5367E1BBAF /* CoachView.swift in Sources */,
				558ECC1D7BC0F5F318D32EBB /* DailyPlanCheckInSheet.swift in Sources */,
				EF9AFB497701DE03E31D8DC8 /* DashboardView.swift in Sources */,
				750A9B5465316256D027B4DC /* FoodLibrary.swift in Sources */,
				00A070E72D2C70D1E219F84D /* GrokService.swift in Sources */,
				62F4D9049874851A7AB45A4E /* HealthKitService.swift in Sources */,
				57ABF17806D862A2D43A85A4 /* HealthNutritionService.swift in Sources */,
				51424C664AE3123930B28A50 /* HevyService.swift in Sources */,
				7312A4B5E67DF38CA6C0D2E9 /* Insights.swift in Sources */,
				4467D805EBDA3094E2FE5516 /* KeychainStore.swift in Sources */,
				4F70B4BBDCB9ED2D7C6D1B3F /* ManualMealSheet.swift in Sources */,
				8DF22A3D90F3F539C15078C0 /* MealAnalysisSheet.swift in Sources */,
				9B31EFA88D000BD607DFF44B /* MealComponentsEditor.swift in Sources */,
				75DD28545307887E86DC7D69 /* Models.swift in Sources */,
				8549AB2C9C0BBC1DAE74088C /* OnboardingView.swift in Sources */,
				E5DF5DD53C6CC98B78FF4154 /* OpenFoodFactsService.swift in Sources */,
				51B527907E00726EF6229321 /* PlanSettingsSheet.swift in Sources */,
				8368832CDFA836A0E98711C2 /* ProgressDashboardView.swift in Sources */,
				71DB449CD0390896524BC7C6 /* ProgressPhotoViewer.swift in Sources */,
				BBCBD86B1CAA7CFC5DDA6207 /* QuickActions.swift in Sources */,
				2E8EFC60CED7B441D385BBB6 /* RecoveryMath.swift in Sources */,
				38285C294CC6C29FA2CC84B5 /* ReminderService.swift in Sources */,
				951483C3799B03C793B80952 /* RootView.swift in Sources */,
				47D695478100492EFCD834BF /* SettingsView.swift in Sources */,
				899FCE9677F0AF194C85F127 /* Theme.swift in Sources */,
				4255709C53F6F0F03ADF0E8D /* WidgetPreviewGallery.swift in Sources */,
				14E83B020343156663AC79E8 /* WidgetSnapshotStore.swift in Sources */,
			);
			runOnlyForDeploymentPostprocessing = 0;
		};
		E4D55071AD15999A6722EFC7 /* Sources */ = {
			isa = PBXSourcesBuildPhase;
			buildActionMask = 2147483647;
			files = (
				8CE4FFEEBD750F66B9DA46F6 /* GrokServiceTests.swift in Sources */,
			);
			runOnlyForDeploymentPostprocessing = 0;
		};
		FA86BDA9BFB83B44498FEB7C /* Sources */ = {
			isa = PBXSourcesBuildPhase;
			buildActionMask = 2147483647;
			files = (
				C8BDF8042FA857C04D076BDD /* CaltrackUITests.swift in Sources */,
			);
			runOnlyForDeploymentPostprocessing = 0;
		};
/* End PBXSourcesBuildPhase section */

/* Begin PBXTargetDependency section */
		0424F995A606CED5672E2911 /* PBXTargetDependency */ = {
			isa = PBXTargetDependency;
			name = CaltrackWidgets;
			target = 3746EBD79FC34789633EED63 /* CaltrackWidgets */;
			targetProxy = 0E28FE95AC64D27332B03A4A /* PBXContainerItemProxy */;
		};
		CB8BBCF31307DDB4F2954D79 /* PBXTargetDependency */ = {
			isa = PBXTargetDependency;
			name = Caltrack;
			target = 423DF72D370AC9A094AA6632 /* Caltrack */;
			targetProxy = 879E382E488D94130B25BB84 /* PBXContainerItemProxy */;
		};
		D22419062E47C7ED55FE1325 /* PBXTargetDependency */ = {
			isa = PBXTargetDependency;
			name = Caltrack;
			target = 423DF72D370AC9A094AA6632 /* Caltrack */;
			targetProxy = 4065710434CE6A4654DCF8B5 /* PBXContainerItemProxy */;
		};
/* End PBXTargetDependency section */

/* Begin XCBuildConfiguration section */
		0EAA5D3D9B61992749552AEC /* Release */ = {
			isa = XCBuildConfiguration;
			buildSettings = {
				BUNDLE_LOADER = "$(TEST_HOST)";
				CLANG_ENABLE_OBJC_WEAK = NO;
				CODE_SIGN_STYLE = Automatic;
				DEVELOPMENT_TEAM = 6BG94RDHDG;
				GENERATE_INFOPLIST_FILE = YES;
				IPHONEOS_DEPLOYMENT_TARGET = 17.0;
				LM_FILTER_WARNINGS = YES;
				PRODUCT_BUNDLE_IDENTIFIER = com.manuelsampedro.caltrack.tests;
				SDKROOT = iphoneos;
				SWIFT_VERSION = 5.0;
				TARGETED_DEVICE_FAMILY = 1;
				TEST_HOST = "$(BUILT_PRODUCTS_DIR)/Caltrack.app/$(BUNDLE_EXECUTABLE_FOLDER_PATH)/Caltrack";
				VALIDATE_PRODUCT = YES;
			};
			name = Release;
		};
		2E919956A5D155C2B54EC03D /* Release */ = {
			isa = XCBuildConfiguration;
			buildSettings = {
				APPLICATION_EXTENSION_API_ONLY = YES;
				CLANG_ENABLE_OBJC_WEAK = NO;
				CODE_SIGN_ENTITLEMENTS = CaltrackWidgets/CaltrackWidgets.entitlements;
				CODE_SIGN_STYLE = Automatic;
				CURRENT_PROJECT_VERSION = 12;
				DEVELOPMENT_TEAM = 6BG94RDHDG;
				GENERATE_INFOPLIST_FILE = NO;
				INFOPLIST_FILE = CaltrackWidgets/Info.plist;
				IPHONEOS_DEPLOYMENT_TARGET = 17.0;
				LD_RUNPATH_SEARCH_PATHS = "$(inherited) @executable_path/Frameworks @executable_path/../../Frameworks";
				MARKETING_VERSION = 1.11;
				PRODUCT_BUNDLE_IDENTIFIER = com.manuelsampedro.caltrack.widgets;
				PRODUCT_NAME = "$(TARGET_NAME)";
				SDKROOT = iphoneos;
				SKIP_INSTALL = YES;
				SWIFT_EMIT_LOC_STRINGS = YES;
				SWIFT_VERSION = 5.0;
				TARGETED_DEVICE_FAMILY = 1;
				VALIDATE_PRODUCT = YES;
			};
			name = Release;
		};
		3ADFF9C39924F46344BE36C1 /* Debug */ = {
			isa = XCBuildConfiguration;
			buildSettings = {
				APPLICATION_EXTENSION_API_ONLY = YES;
				CLANG_ENABLE_OBJC_WEAK = NO;
				CODE_SIGN_ENTITLEMENTS = CaltrackWidgets/CaltrackWidgets.entitlements;
				CODE_SIGN_STYLE = Automatic;
				CURRENT_PROJECT_VERSION = 12;
				DEVELOPMENT_TEAM = 6BG94RDHDG;
				GENERATE_INFOPLIST_FILE = NO;
				INFOPLIST_FILE = CaltrackWidgets/Info.plist;
				IPHONEOS_DEPLOYMENT_TARGET = 17.0;
				LD_RUNPATH_SEARCH_PATHS = "$(inherited) @executable_path/Frameworks @executable_path/../../Frameworks";
				MARKETING_VERSION = 1.11;
				PRODUCT_BUNDLE_IDENTIFIER = com.manuelsampedro.caltrack.widgets;
				PRODUCT_NAME = "$(TARGET_NAME)";
				SDKROOT = iphoneos;
				SKIP_INSTALL = YES;
				SWIFT_EMIT_LOC_STRINGS = YES;
				SWIFT_VERSION = 5.0;
				TARGETED_DEVICE_FAMILY = 1;
			};
			name = Debug;
		};
		766F4D3385ADAAFDE4DBF6DB /* Debug */ = {
			isa = XCBuildConfiguration;
			buildSettings = {
				CLANG_ENABLE_OBJC_WEAK = NO;
				CODE_SIGN_STYLE = Automatic;
				DEVELOPMENT_TEAM = 6BG94RDHDG;
				GENERATE_INFOPLIST_FILE = YES;
				IPHONEOS_DEPLOYMENT_TARGET = 17.0;
				LM_FILTER_WARNINGS = YES;
				PRODUCT_BUNDLE_IDENTIFIER = com.manuelsampedro.caltrack.uitests;
				SDKROOT = iphoneos;
				SWIFT_VERSION = 5.0;
				TARGETED_DEVICE_FAMILY = 1;
				TEST_TARGET_NAME = Caltrack;
			};
			name = Debug;
		};
		8215039CC590EE11DBCD1DE8 /* Release */ = {
			isa = XCBuildConfiguration;
			buildSettings = {
				ALWAYS_SEARCH_USER_PATHS = NO;
				CLANG_ANALYZER_NONNULL = YES;
				CLANG_ANALYZER_NUMBER_OBJECT_CONVERSION = YES_AGGRESSIVE;
				CLANG_CXX_LANGUAGE_STANDARD = "gnu++14";
				CLANG_CXX_LIBRARY = "libc++";
				CLANG_ENABLE_MODULES = YES;
				CLANG_ENABLE_OBJC_ARC = YES;
				CLANG_ENABLE_OBJC_WEAK = YES;
				CLANG_WARN_BLOCK_CAPTURE_AUTORELEASING = YES;
				CLANG_WARN_BOOL_CONVERSION = YES;
				CLANG_WARN_COMMA = YES;
				CLANG_WARN_CONSTANT_CONVERSION = YES;
				CLANG_WARN_DEPRECATED_OBJC_IMPLEMENTATIONS = YES;
				CLANG_WARN_DIRECT_OBJC_ISA_USAGE = YES_ERROR;
				CLANG_WARN_DOCUMENTATION_COMMENTS = YES;
				CLANG_WARN_EMPTY_BODY = YES;
				CLANG_WARN_ENUM_CONVERSION = YES;
				CLANG_WARN_INFINITE_RECURSION = YES;
				CLANG_WARN_INT_CONVERSION = YES;
				CLANG_WARN_NON_LITERAL_NULL_CONVERSION = YES;
				CLANG_WARN_OBJC_IMPLICIT_RETAIN_SELF = YES;
				CLANG_WARN_OBJC_LITERAL_CONVERSION = YES;
				CLANG_WARN_OBJC_ROOT_CLASS = YES_ERROR;
				CLANG_WARN_QUOTED_INCLUDE_IN_FRAMEWORK_HEADER = YES;
				CLANG_WARN_RANGE_LOOP_ANALYSIS = YES;
				CLANG_WARN_STRICT_PROTOTYPES = YES;
				CLANG_WARN_SUSPICIOUS_MOVE = YES;
				CLANG_WARN_UNGUARDED_AVAILABILITY = YES_AGGRESSIVE;
				CLANG_WARN_UNREACHABLE_CODE = YES;
				CLANG_WARN__DUPLICATE_METHOD_MATCH = YES;
				COPY_PHASE_STRIP = NO;
				DEBUG_INFORMATION_FORMAT = "dwarf-with-dsym";
				ENABLE_NS_ASSERTIONS = NO;
				ENABLE_STRICT_OBJC_MSGSEND = YES;
				GCC_C_LANGUAGE_STANDARD = gnu11;
				GCC_NO_COMMON_BLOCKS = YES;
				GCC_WARN_64_TO_32_BIT_CONVERSION = YES;
				GCC_WARN_ABOUT_RETURN_TYPE = YES_ERROR;
				GCC_WARN_UNDECLARED_SELECTOR = YES;
				GCC_WARN_UNINITIALIZED_AUTOS = YES_AGGRESSIVE;
				GCC_WARN_UNUSED_FUNCTION = YES;
				GCC_WARN_UNUSED_VARIABLE = YES;
				MTL_ENABLE_DEBUG_INFO = NO;
				MTL_FAST_MATH = YES;
				PRODUCT_NAME = "$(TARGET_NAME)";
				SWIFT_COMPILATION_MODE = wholemodule;
				SWIFT_OPTIMIZATION_LEVEL = "-O";
				SWIFT_VERSION = 5.0;
			};
			name = Release;
		};
		92776E37093FABA8CDD557C0 /* Debug */ = {
			isa = XCBuildConfiguration;
			buildSettings = {
				ALWAYS_SEARCH_USER_PATHS = NO;
				CLANG_ANALYZER_NONNULL = YES;
				CLANG_ANALYZER_NUMBER_OBJECT_CONVERSION = YES_AGGRESSIVE;
				CLANG_CXX_LANGUAGE_STANDARD = "gnu++14";
				CLANG_CXX_LIBRARY = "libc++";
				CLANG_ENABLE_MODULES = YES;
				CLANG_ENABLE_OBJC_ARC = YES;
				CLANG_ENABLE_OBJC_WEAK = YES;
				CLANG_WARN_BLOCK_CAPTURE_AUTORELEASING = YES;
				CLANG_WARN_BOOL_CONVERSION = YES;
				CLANG_WARN_COMMA = YES;
				CLANG_WARN_CONSTANT_CONVERSION = YES;
				CLANG_WARN_DEPRECATED_OBJC_IMPLEMENTATIONS = YES;
				CLANG_WARN_DIRECT_OBJC_ISA_USAGE = YES_ERROR;
				CLANG_WARN_DOCUMENTATION_COMMENTS = YES;
				CLANG_WARN_EMPTY_BODY = YES;
				CLANG_WARN_ENUM_CONVERSION = YES;
				CLANG_WARN_INFINITE_RECURSION = YES;
				CLANG_WARN_INT_CONVERSION = YES;
				CLANG_WARN_NON_LITERAL_NULL_CONVERSION = YES;
				CLANG_WARN_OBJC_IMPLICIT_RETAIN_SELF = YES;
				CLANG_WARN_OBJC_LITERAL_CONVERSION = YES;
				CLANG_WARN_OBJC_ROOT_CLASS = YES_ERROR;
				CLANG_WARN_QUOTED_INCLUDE_IN_FRAMEWORK_HEADER = YES;
				CLANG_WARN_RANGE_LOOP_ANALYSIS = YES;
				CLANG_WARN_STRICT_PROTOTYPES = YES;
				CLANG_WARN_SUSPICIOUS_MOVE = YES;
				CLANG_WARN_UNGUARDED_AVAILABILITY = YES_AGGRESSIVE;
				CLANG_WARN_UNREACHABLE_CODE = YES;
				CLANG_WARN__DUPLICATE_METHOD_MATCH = YES;
				COPY_PHASE_STRIP = NO;
				DEBUG_INFORMATION_FORMAT = dwarf;
				ENABLE_STRICT_OBJC_MSGSEND = YES;
				ENABLE_TESTABILITY = YES;
				GCC_C_LANGUAGE_STANDARD = gnu11;
				GCC_DYNAMIC_NO_PIC = NO;
				GCC_NO_COMMON_BLOCKS = YES;
				GCC_OPTIMIZATION_LEVEL = 0;
				GCC_PREPROCESSOR_DEFINITIONS = (
					"DEBUG=1",
					"$(inherited)",
				);
				GCC_WARN_64_TO_32_BIT_CONVERSION = YES;
				GCC_WARN_ABOUT_RETURN_TYPE = YES_ERROR;
				GCC_WARN_UNDECLARED_SELECTOR = YES;
				GCC_WARN_UNINITIALIZED_AUTOS = YES_AGGRESSIVE;
				GCC_WARN_UNUSED_FUNCTION = YES;
				GCC_WARN_UNUSED_VARIABLE = YES;
				MTL_ENABLE_DEBUG_INFO = INCLUDE_SOURCE;
				MTL_FAST_MATH = YES;
				ONLY_ACTIVE_ARCH = YES;
				PRODUCT_NAME = "$(TARGET_NAME)";
				SWIFT_ACTIVE_COMPILATION_CONDITIONS = DEBUG;
				SWIFT_OPTIMIZATION_LEVEL = "-Onone";
				SWIFT_VERSION = 5.0;
			};
			name = Debug;
		};
		C30F062C2C8FE84603BEB65D /* Debug */ = {
			isa = XCBuildConfiguration;
			buildSettings = {
				ASSETCATALOG_COMPILER_APPICON_NAME = AppIcon;
				ASSETCATALOG_COMPILER_GLOBAL_ACCENT_COLOR_NAME = AccentColor;
				CLANG_ENABLE_OBJC_WEAK = NO;
				CODE_SIGN_ENTITLEMENTS = Caltrack/Caltrack.entitlements;
				CODE_SIGN_STYLE = Automatic;
				CURRENT_PROJECT_VERSION = 12;
				DEVELOPMENT_TEAM = 6BG94RDHDG;
				GENERATE_INFOPLIST_FILE = YES;
				INFOPLIST_KEY_CFBundleDisplayName = Caltrack;
				INFOPLIST_KEY_NSCameraUsageDescription = "Caltrack usa la cámara para analizar una comida cuando decides fotografiarla.";
				INFOPLIST_KEY_NSHealthShareUsageDescription = "Caltrack lee el peso, la composición corporal, la actividad, la recuperación y los entrenamientos que autorices para reunir tu progreso en un solo lugar.";
				INFOPLIST_KEY_NSHealthUpdateUsageDescription = "Caltrack guarda en Salud las calorías y macros de las comidas que confirmes cuando activas esta opción.";
				INFOPLIST_KEY_UIApplicationSceneManifest_Generation = YES;
				INFOPLIST_KEY_UILaunchScreen_Generation = YES;
				INFOPLIST_KEY_UISupportedInterfaceOrientations_iPhone = UIInterfaceOrientationPortrait;
				IPHONEOS_DEPLOYMENT_TARGET = 17.0;
				LD_RUNPATH_SEARCH_PATHS = "$(inherited) @executable_path/Frameworks";
				LM_FILTER_WARNINGS = YES;
				MARKETING_VERSION = 1.11;
				PRODUCT_BUNDLE_IDENTIFIER = com.manuelsampedro.caltrack;
				PRODUCT_NAME = "$(TARGET_NAME)";
				SDKROOT = iphoneos;
				SWIFT_EMIT_LOC_STRINGS = YES;
				SWIFT_VERSION = 5.0;
				TARGETED_DEVICE_FAMILY = 1;
			};
			name = Debug;
		};
		D8266C801A6E86AFD9F93678 /* Debug */ = {
			isa = XCBuildConfiguration;
			buildSettings = {
				BUNDLE_LOADER = "$(TEST_HOST)";
				CLANG_ENABLE_OBJC_WEAK = NO;
				CODE_SIGN_STYLE = Automatic;
				DEVELOPMENT_TEAM = 6BG94RDHDG;
				GENERATE_INFOPLIST_FILE = YES;
				IPHONEOS_DEPLOYMENT_TARGET = 17.0;
				LM_FILTER_WARNINGS = YES;
				PRODUCT_BUNDLE_IDENTIFIER = com.manuelsampedro.caltrack.tests;
				SDKROOT = iphoneos;
				SWIFT_VERSION = 5.0;
				TARGETED_DEVICE_FAMILY = 1;
				TEST_HOST = "$(BUILT_PRODUCTS_DIR)/Caltrack.app/$(BUNDLE_EXECUTABLE_FOLDER_PATH)/Caltrack";
			};
			name = Debug;
		};
		DF42F103D427EEE93883C3A5 /* Release */ = {
			isa = XCBuildConfiguration;
			buildSettings = {
				CLANG_ENABLE_OBJC_WEAK = NO;
				CODE_SIGN_STYLE = Automatic;
				DEVELOPMENT_TEAM = 6BG94RDHDG;
				GENERATE_INFOPLIST_FILE = YES;
				IPHONEOS_DEPLOYMENT_TARGET = 17.0;
				LM_FILTER_WARNINGS = YES;
				PRODUCT_BUNDLE_IDENTIFIER = com.manuelsampedro.caltrack.uitests;
				SDKROOT = iphoneos;
				SWIFT_VERSION = 5.0;
				TARGETED_DEVICE_FAMILY = 1;
				TEST_TARGET_NAME = Caltrack;
				VALIDATE_PRODUCT = YES;
			};
			name = Release;
		};
		EF43F75B18B8FAE8C6B8EA7B /* Release */ = {
			isa = XCBuildConfiguration;
			buildSettings = {
				ASSETCATALOG_COMPILER_APPICON_NAME = AppIcon;
				ASSETCATALOG_COMPILER_GLOBAL_ACCENT_COLOR_NAME = AccentColor;
				CLANG_ENABLE_OBJC_WEAK = NO;
				CODE_SIGN_ENTITLEMENTS = Caltrack/Caltrack.entitlements;
				CODE_SIGN_STYLE = Automatic;
				CURRENT_PROJECT_VERSION = 12;
				DEVELOPMENT_TEAM = 6BG94RDHDG;
				GENERATE_INFOPLIST_FILE = YES;
				INFOPLIST_KEY_CFBundleDisplayName = Caltrack;
				INFOPLIST_KEY_NSCameraUsageDescription = "Caltrack usa la cámara para analizar una comida cuando decides fotografiarla.";
				INFOPLIST_KEY_NSHealthShareUsageDescription = "Caltrack lee el peso, la composición corporal, la actividad, la recuperación y los entrenamientos que autorices para reunir tu progreso en un solo lugar.";
				INFOPLIST_KEY_NSHealthUpdateUsageDescription = "Caltrack guarda en Salud las calorías y macros de las comidas que confirmes cuando activas esta opción.";
				INFOPLIST_KEY_UIApplicationSceneManifest_Generation = YES;
				INFOPLIST_KEY_UILaunchScreen_Generation = YES;
				INFOPLIST_KEY_UISupportedInterfaceOrientations_iPhone = UIInterfaceOrientationPortrait;
				IPHONEOS_DEPLOYMENT_TARGET = 17.0;
				LD_RUNPATH_SEARCH_PATHS = "$(inherited) @executable_path/Frameworks";
				LM_FILTER_WARNINGS = YES;
				MARKETING_VERSION = 1.11;
				PRODUCT_BUNDLE_IDENTIFIER = com.manuelsampedro.caltrack;
				PRODUCT_NAME = "$(TARGET_NAME)";
				SDKROOT = iphoneos;
				SWIFT_EMIT_LOC_STRINGS = YES;
				SWIFT_VERSION = 5.0;
				TARGETED_DEVICE_FAMILY = 1;
				VALIDATE_PRODUCT = YES;
			};
			name = Release;
		};
/* End XCBuildConfiguration section */

/* Begin XCConfigurationList section */
		1BBFAB29DF88BD863F8F2ACE /* Build configuration list for PBXNativeTarget "CaltrackWidgets" */ = {
			isa = XCConfigurationList;
			buildConfigurations = (
				2E919956A5D155C2B54EC03D /* Release */,
				3ADFF9C39924F46344BE36C1 /* Debug */,
			);
			defaultConfigurationIsVisible = 0;
			defaultConfigurationName = Release;
		};
		379E110C129D750D808F720B /* Build configuration list for PBXProject "Caltrack" */ = {
			isa = XCConfigurationList;
			buildConfigurations = (
				92776E37093FABA8CDD557C0 /* Debug */,
				8215039CC590EE11DBCD1DE8 /* Release */,
			);
			defaultConfigurationIsVisible = 0;
			defaultConfigurationName = Release;
		};
		6E8B0B5DD7F1AC2F09BD1CC7 /* Build configuration list for PBXNativeTarget "Caltrack" */ = {
			isa = XCConfigurationList;
			buildConfigurations = (
				EF43F75B18B8FAE8C6B8EA7B /* Release */,
				C30F062C2C8FE84603BEB65D /* Debug */,
			);
			defaultConfigurationIsVisible = 0;
			defaultConfigurationName = Release;
		};
		A94B25ABE83407DAB4853F62 /* Build configuration list for PBXNativeTarget "CaltrackUITests" */ = {
			isa = XCConfigurationList;
			buildConfigurations = (
				DF42F103D427EEE93883C3A5 /* Release */,
				766F4D3385ADAAFDE4DBF6DB /* Debug */,
			);
			defaultConfigurationIsVisible = 0;
			defaultConfigurationName = Release;
		};
		E9EAE71945C36D4668ADFCA9 /* Build configuration list for PBXNativeTarget "CaltrackTests" */ = {
			isa = XCConfigurationList;
			buildConfigurations = (
				0EAA5D3D9B61992749552AEC /* Release */,
				D8266C801A6E86AFD9F93678 /* Debug */,
			);
			defaultConfigurationIsVisible = 0;
			defaultConfigurationName = Release;
		};
/* End XCConfigurationList section */
	};
	rootObject = BA6DA8BBFBFBAC5F9D0F4C31 /* Project object */;
}
